// !$*UTF8*$!
{
	archiveVersion = 1;
	classes = {
	};
	objectVersion = 46;
	objects = {

/* Begin PBXBuildFile section */
		00E356F31AD99517003FC87E /* celsiusTests.m in Sources */ = {isa = PBXBuildFile; fileRef = 00E356F21AD99517003FC87E /* celsiusTests.m */; };
		00FA003B8D42412C99110209 /* BarlowCondensed-Italic.otf in Resources */ = {isa = PBXBuildFile; fileRef = 1355C982ED044B98ABD775B1 /* BarlowCondensed-Italic.otf */; };
		0638ED0D5E1B499180899862 /* barlowsemicondensed-italic.otf in Resources */ = {isa = PBXBuildFile; fileRef = B5789DA5F97448EE865D8CAC /* barlowsemicondensed-italic.otf */; };
		0AC25967BA2244B3887D6A9D /* barlowsemicondensed-light.otf in Resources */ = {isa = PBXBuildFile; fileRef = B429F937025945B19B25EC27 /* barlowsemicondensed-light.otf */; };
		0F0483E044BF4C65A4EF1093 /* BarlowCondensed-BoldItalic.otf in Resources */ = {isa = PBXBuildFile; fileRef = 2DF717837B9D4BB096BE4C5F /* BarlowCondensed-BoldItalic.otf */; };
		0FF059EC58B94ACFB354BAA7 /* BarlowCondensed-Light.otf in Resources */ = {isa = PBXBuildFile; fileRef = F228B02D6E2548D3B62EBC11 /* BarlowCondensed-Light.otf */; };
		13B07FBC1A68108700A75B9A /* AppDelegate.m in Sources */ = {isa = PBXBuildFile; fileRef = 13B07FB01A68108700A75B9A /* AppDelegate.m */; };
		13B07FBD1A68108700A75B9A /* LaunchScreen.xib in Resources */ = {isa = PBXBuildFile; fileRef = 13B07FB11A68108700A75B9A /* LaunchScreen.xib */; };
		13B07FBF1A68108700A75B9A /* Images.xcassets in Resources */ = {isa = PBXBuildFile; fileRef = 13B07FB51A68108700A75B9A /* Images.xcassets */; };
		13B07FC11A68108700A75B9A /* main.m in Sources */ = {isa = PBXBuildFile; fileRef = 13B07FB71A68108700A75B9A /* main.m */; };
		13BE51A14725992548840FAC /* libPods-celsius-tvOSTests.a in Frameworks */ = {isa = PBXBuildFile; fileRef = 7E8B101D9344E82484D59B46 /* libPods-celsius-tvOSTests.a */; };
		14E717B4995347119BEFCE42 /* BarlowCondensed-LightItalic.otf in Resources */ = {isa = PBXBuildFile; fileRef = AA5F6F6B043E464193D57B46 /* BarlowCondensed-LightItalic.otf */; };
		16CC266BC4D8461E839542C0 /* barlowsemicondensed-mediumitalic.otf in Resources */ = {isa = PBXBuildFile; fileRef = D83CB27266FA45CEA4C57696 /* barlowsemicondensed-mediumitalic.otf */; };
		1AFC218024D03ADE00C4C796 /* SwiftVersion.swift in Sources */ = {isa = PBXBuildFile; fileRef = 1AFC217F24D03ADD00C4C796 /* SwiftVersion.swift */; };
		20580DE4C4E54C1AA4A5B457 /* Pangram-Medium.otf in Resources */ = {isa = PBXBuildFile; fileRef = C77A08BD81D24AFC94CB7498 /* Pangram-Medium.otf */; };
		22837BCC8D61ADE990D0EA1D /* libPods-celsius-tvOS.a in Frameworks */ = {isa = PBXBuildFile; fileRef = 25A2D4734C286DEE9074B6BA /* libPods-celsius-tvOS.a */; };
		23491DD7ABF8431A862B12E2 /* barlowsemicondensed-extrabold.otf in Resources */ = {isa = PBXBuildFile; fileRef = F5C4CA65EA994CE58162301C /* barlowsemicondensed-extrabold.otf */; };
		25D2D68315084CD48AEB2F05 /* Barlow-SemiBold.ttf in Resources */ = {isa = PBXBuildFile; fileRef = 74B26A742359401699D7D2E4 /* Barlow-SemiBold.ttf */; };
		290426F05B6C4CB7AE76250D /* BarlowSemiCondensed-BlackItalic.otf in Resources */ = {isa = PBXBuildFile; fileRef = CD435F8DF33E4A0D903CF670 /* BarlowSemiCondensed-BlackItalic.otf */; };
		2AE8F293C9534CD981F88954 /* Barlow-ExtraLightItalic.ttf in Resources */ = {isa = PBXBuildFile; fileRef = 023A7AE11FCD42A79527E53A /* Barlow-ExtraLightItalic.ttf */; };
		2CA1EC452528599500FD3549 /* UDID.m in Sources */ = {isa = PBXBuildFile; fileRef = 2CA1EC442528599500FD3549 /* UDID.m */; };
		2D02E4BC1E0B4A80006451C7 /* AppDelegate.m in Sources */ = {isa = PBXBuildFile; fileRef = 13B07FB01A68108700A75B9A /* AppDelegate.m */; };
		2D02E4BD1E0B4A84006451C7 /* Images.xcassets in Resources */ = {isa = PBXBuildFile; fileRef = 13B07FB51A68108700A75B9A /* Images.xcassets */; };
		2D02E4BF1E0B4AB3006451C7 /* main.m in Sources */ = {isa = PBXBuildFile; fileRef = 13B07FB71A68108700A75B9A /* main.m */; };
		2DCD954D1E0B4F2C00145EB5 /* celsiusTests.m in Sources */ = {isa = PBXBuildFile; fileRef = 00E356F21AD99517003FC87E /* celsiusTests.m */; };
		32973A53DE7E47E5A85CED91 /* barlowsemicondensed-thinitalic.otf in Resources */ = {isa = PBXBuildFile; fileRef = 46E2FE825A1548ABB3FBAF4A /* barlowsemicondensed-thinitalic.otf */; };
		32A06775BCE24E7BB2F36208 /* BarlowSemiCondensed-BoldItalic.otf in Resources */ = {isa = PBXBuildFile; fileRef = 8EB431722F714B56B94810E3 /* BarlowSemiCondensed-BoldItalic.otf */; };
		3B8C6749786B4A5CA0B9F6DF /* Barlow-LightItalic.ttf in Resources */ = {isa = PBXBuildFile; fileRef = D4DCE646916443DC9C78B752 /* Barlow-LightItalic.ttf */; };
		3C0834429168BE0EA0C4634E /* libPods-celsiusTests.a in Frameworks */ = {isa = PBXBuildFile; fileRef = 01D57B035F17A1A3B1141845 /* libPods-celsiusTests.a */; };
		3CF2C6A9F9DB4C33B9DC2919 /* BarlowCondensed-ExtraLightItalic.otf in Resources */ = {isa = PBXBuildFile; fileRef = 3F8F04C634E14D6781DF3443 /* BarlowCondensed-ExtraLightItalic.otf */; };
		3CF5B697D67E9D0AAC8AF76B /* libPods-celsius.a in Frameworks */ = {isa = PBXBuildFile; fileRef = AEFF2D05579A162FC964D118 /* libPods-celsius.a */; };
		3F003945A801426E8FA08473 /* Pangram-Bold.otf in Resources */ = {isa = PBXBuildFile; fileRef = C4CDEEDA45F9482EBEC3397D /* Pangram-Bold.otf */; };
		4B4FCFB4198148CABB57CFA3 /* BarlowSemiCondensed-Bold.otf in Resources */ = {isa = PBXBuildFile; fileRef = 1833ADAD968340588FC2D6B9 /* BarlowSemiCondensed-Bold.otf */; };
		50300BEF362F48B2A5D5E6DE /* BarlowCondensed-Bold.otf in Resources */ = {isa = PBXBuildFile; fileRef = B50589F2D27C405ABFA14E9C /* BarlowCondensed-Bold.otf */; };
		54E24363361E4D62B7189DAF /* Barlow-Medium.ttf in Resources */ = {isa = PBXBuildFile; fileRef = EE1E99570B754BB49B33474A /* Barlow-Medium.ttf */; };
		5680BD5700F54E60AC48A60E /* Barlow-BoldItalic.ttf in Resources */ = {isa = PBXBuildFile; fileRef = B70BB310D85C40FABF0DE761 /* Barlow-BoldItalic.ttf */; };
		5BAA1AA02013442C9CC42A3E /* BarlowCondensed-ThinItalic.otf in Resources */ = {isa = PBXBuildFile; fileRef = 756548C64097404FA7D287A4 /* BarlowCondensed-ThinItalic.otf */; };
		62480C636359440AB86AB5C9 /* Barlow-ThinItalic.ttf in Resources */ = {isa = PBXBuildFile; fileRef = DADB88982AE049AABF0B11D0 /* Barlow-ThinItalic.ttf */; };
		693F5DCE3ED947EDB37FB55B /* BarlowSemiCondensed-ExtraBoldItalic.otf in Resources */ = {isa = PBXBuildFile; fileRef = 6A817FC4395D4BC6959549A4 /* BarlowSemiCondensed-ExtraBoldItalic.otf */; };
		6AEAD0E6E64444CC9B78A732 /* BarlowCondensed-SemiBoldItalic.otf in Resources */ = {isa = PBXBuildFile; fileRef = A05C4554132A47C292312140 /* BarlowCondensed-SemiBoldItalic.otf */; };
		6DF48B2F05844AAA8E882245 /* Barlow-ExtraLight.ttf in Resources */ = {isa = PBXBuildFile; fileRef = 64701E076D964BC288866C9F /* Barlow-ExtraLight.ttf */; };
		6EC955F7F8484AE0BFE840FF /* BarlowSemiCondensed-Regular.otf in Resources */ = {isa = PBXBuildFile; fileRef = 452F7DBF86D34563899E0C00 /* BarlowSemiCondensed-Regular.otf */; };
		70DBC614B7094006B00AB8B4 /* BarlowCondensed-MediumItalic.otf in Resources */ = {isa = PBXBuildFile; fileRef = 4B23B23F749245DDA8BA10BF /* BarlowCondensed-MediumItalic.otf */; };
		7BE6B5FACB404EC088718E70 /* Barlow-RegularItalic.ttf in Resources */ = {isa = PBXBuildFile; fileRef = F3391D1DBD65437D9CE901E8 /* Barlow-RegularItalic.ttf */; };
		7C2A48CDEEA94FDEB115B2E4 /* BarlowCondensed-Medium.otf in Resources */ = {isa = PBXBuildFile; fileRef = A5A4DD3C120441DEBC7C28BA /* BarlowCondensed-Medium.otf */; };
		80C0F5E3C8F642E0B1C64B1F /* BarlowCondensed-SemiBold.otf in Resources */ = {isa = PBXBuildFile; fileRef = A2963869CBE74E9EBF56669A /* BarlowCondensed-SemiBold.otf */; };
		841A51B785764405801AA10A /* Barlow-Bold.ttf in Resources */ = {isa = PBXBuildFile; fileRef = DD5E9F244CF24918B512576D /* Barlow-Bold.ttf */; };
		8AEDC981CD3D405E95FE2F66 /* Barlow-ExtraBoldItalic.ttf in Resources */ = {isa = PBXBuildFile; fileRef = 2FFCDEC67FEB4EE18F73881C /* Barlow-ExtraBoldItalic.ttf */; };
		8BFD480B8A6044E38F47B493 /* Pangram-ExtraBold.otf in Resources */ = {isa = PBXBuildFile; fileRef = 2D4FC982D5CC4EDB80545D03 /* Pangram-ExtraBold.otf */; };
		8FC515B910C7462E83008115 /* Barlow-ExtraBold.ttf in Resources */ = {isa = PBXBuildFile; fileRef = 9A6F6E74D8D54A0EAC82F221 /* Barlow-ExtraBold.ttf */; };
		904F65FCFB464E57B32D574C /* Barlow-Light.ttf in Resources */ = {isa = PBXBuildFile; fileRef = 5B49B1BE9ACF469EBE020407 /* Barlow-Light.ttf */; };
		93245EC12C5F4ED3BFA42DFF /* Barlow-Thin.ttf in Resources */ = {isa = PBXBuildFile; fileRef = 1EBA15C6A18D408983B4391B /* Barlow-Thin.ttf */; };
		9583D816B92C4929AE141EA0 /* RobotoMono-Regular.ttf in Resources */ = {isa = PBXBuildFile; fileRef = 72508B90A8AC46099569CACA /* RobotoMono-Regular.ttf */; };
		971B8F5EE24B4D52B9A141E5 /* BarlowSemiCondensed-LightItalic.otf in Resources */ = {isa = PBXBuildFile; fileRef = B3EE884451A1454DA0C6AF58 /* BarlowSemiCondensed-LightItalic.otf */; };
		980420D4D4354166B894AE06 /* BarlowCondensed-ExtraLight.otf in Resources */ = {isa = PBXBuildFile; fileRef = 81F03B8623A843629E5365A2 /* BarlowCondensed-ExtraLight.otf */; };
		9ECF9A726F414FC8B4253189 /* Barlow-Regular.ttf in Resources */ = {isa = PBXBuildFile; fileRef = 78B16A3E390F41A49A60F0D7 /* Barlow-Regular.ttf */; };
		A2DEC513237EB337002537E9 /* Barlow-Bold.ttf in Resources */ = {isa = PBXBuildFile; fileRef = A2DEC501237EB335002537E9 /* Barlow-Bold.ttf */; };
		A2DEC514237EB337002537E9 /* Barlow-SemiBold.ttf in Resources */ = {isa = PBXBuildFile; fileRef = A2DEC502237EB335002537E9 /* Barlow-SemiBold.ttf */; };
		A2DEC515237EB337002537E9 /* Barlow-SemiBoldItalic.ttf in Resources */ = {isa = PBXBuildFile; fileRef = A2DEC503237EB335002537E9 /* Barlow-SemiBoldItalic.ttf */; };
		A2DEC516237EB337002537E9 /* Barlow-Italic.ttf in Resources */ = {isa = PBXBuildFile; fileRef = A2DEC504237EB335002537E9 /* Barlow-Italic.ttf */; };
		A2DEC517237EB337002537E9 /* Barlow-BoldItalic.ttf in Resources */ = {isa = PBXBuildFile; fileRef = A2DEC505237EB336002537E9 /* Barlow-BoldItalic.ttf */; };
		A2DEC518237EB337002537E9 /* Barlow-ExtraLightItalic.ttf in Resources */ = {isa = PBXBuildFile; fileRef = A2DEC506237EB336002537E9 /* Barlow-ExtraLightItalic.ttf */; };
		A2DEC519237EB337002537E9 /* Barlow-ExtraBoldItalic.ttf in Resources */ = {isa = PBXBuildFile; fileRef = A2DEC507237EB336002537E9 /* Barlow-ExtraBoldItalic.ttf */; };
		A2DEC51A237EB337002537E9 /* Barlow-Regular.ttf in Resources */ = {isa = PBXBuildFile; fileRef = A2DEC508237EB336002537E9 /* Barlow-Regular.ttf */; };
		A2DEC51B237EB337002537E9 /* Barlow-Thin.ttf in Resources */ = {isa = PBXBuildFile; fileRef = A2DEC509237EB336002537E9 /* Barlow-Thin.ttf */; };
		A2DEC51C237EB337002537E9 /* Barlow-Medium.ttf in Resources */ = {isa = PBXBuildFile; fileRef = A2DEC50A237EB336002537E9 /* Barlow-Medium.ttf */; };
		A2DEC51D237EB337002537E9 /* Barlow-ThinItalic.ttf in Resources */ = {isa = PBXBuildFile; fileRef = A2DEC50B237EB336002537E9 /* Barlow-ThinItalic.ttf */; };
		A2DEC51E237EB337002537E9 /* Barlow-Black.ttf in Resources */ = {isa = PBXBuildFile; fileRef = A2DEC50C237EB336002537E9 /* Barlow-Black.ttf */; };
		A2DEC51F237EB337002537E9 /* Barlow-ExtraLight.ttf in Resources */ = {isa = PBXBuildFile; fileRef = A2DEC50D237EB336002537E9 /* Barlow-ExtraLight.ttf */; };
		A2DEC520237EB337002537E9 /* Barlow-ExtraBold.ttf in Resources */ = {isa = PBXBuildFile; fileRef = A2DEC50E237EB337002537E9 /* Barlow-ExtraBold.ttf */; };
		A2DEC521237EB337002537E9 /* Barlow-LightItalic.ttf in Resources */ = {isa = PBXBuildFile; fileRef = A2DEC50F237EB337002537E9 /* Barlow-LightItalic.ttf */; };
		A2DEC522237EB337002537E9 /* Barlow-Light.ttf in Resources */ = {isa = PBXBuildFile; fileRef = A2DEC510237EB337002537E9 /* Barlow-Light.ttf */; };
		A2DEC523237EB337002537E9 /* Barlow-MediumItalic.ttf in Resources */ = {isa = PBXBuildFile; fileRef = A2DEC511237EB337002537E9 /* Barlow-MediumItalic.ttf */; };
		A2DEC524237EB337002537E9 /* Barlow-BlackItalic.ttf in Resources */ = {isa = PBXBuildFile; fileRef = A2DEC512237EB337002537E9 /* Barlow-BlackItalic.ttf */; };
		A2FC8110239E50E400193CE5 /* GoogleService-Info.plist in Resources */ = {isa = PBXBuildFile; fileRef = A2FC810F239E50E400193CE5 /* GoogleService-Info.plist */; };
		A7C98E0816A44414BE281CA2 /* BarlowSemiCondensed-ExtraLight.otf in Resources */ = {isa = PBXBuildFile; fileRef = 930834B4752C4C6794597E0A /* BarlowSemiCondensed-ExtraLight.otf */; };
		AE3A3870450843E08673D30D /* BarlowSemiCondensed-SemiBold.otf in Resources */ = {isa = PBXBuildFile; fileRef = 9753A59872174098836C7735 /* BarlowSemiCondensed-SemiBold.otf */; };
		B269EDA9437D4215BBA3DA17 /* Barlow-MediumItalic.ttf in Resources */ = {isa = PBXBuildFile; fileRef = 4DB7BADDDB3B43109D1C9C17 /* Barlow-MediumItalic.ttf */; };
		B3140E49E42646769E0B1548 /* BarlowSemiCondensed-Medium.otf in Resources */ = {isa = PBXBuildFile; fileRef = FDEBBAEE44EA4067BDAEF33E /* BarlowSemiCondensed-Medium.otf */; };
		B7B5EE93555F46408BB57236 /* barlowsemicondensed-extralightitalic.otf in Resources */ = {isa = PBXBuildFile; fileRef = BC89E96542284CB48C5C4359 /* barlowsemicondensed-extralightitalic.otf */; };
		B8E5CAB5B6414D9C81ACC067 /* Barlow-Black.ttf in Resources */ = {isa = PBXBuildFile; fileRef = DD815378239E434FAEEEBA73 /* Barlow-Black.ttf */; };
		C571C83020754654B80BFAA5 /* Pangram-Black.otf in Resources */ = {isa = PBXBuildFile; fileRef = 572AB4BC65914A76B8A4A970 /* Pangram-Black.otf */; };
		C79275FD5C1E4EE2A1DC7D7C /* BarlowCondensed-ExtraBoldItalic.otf in Resources */ = {isa = PBXBuildFile; fileRef = 55645A9488C944DA9BEF262C /* BarlowCondensed-ExtraBoldItalic.otf */; };
		CAAEF40D86584961BBC42764 /* barlowcondensed-blackitalic.otf in Resources */ = {isa = PBXBuildFile; fileRef = B65F334270EE4EE29DA180EB /* barlowcondensed-blackitalic.otf */; };
		CB2FB45D261F47CDBE27F4D7 /* Pangram-Regular.otf in Resources */ = {isa = PBXBuildFile; fileRef = 01C1D9B6082149EF8F3E7F07 /* Pangram-Regular.otf */; };
		CC7FB0B6A5D84EB09AB35922 /* BarlowSemiCondensed-SemiBoldItalic.otf in Resources */ = {isa = PBXBuildFile; fileRef = 955E78DBBD184C8D915D76E4 /* BarlowSemiCondensed-SemiBoldItalic.otf */; };
		CE3BEBDC83F5402B8B411FE8 /* Pangram-Light.otf in Resources */ = {isa = PBXBuildFile; fileRef = 93C041CF6D56485E90A069B1 /* Pangram-Light.otf */; };
		D6443924C0B0422EA1911D0F /* BarlowCondensed-Black.otf in Resources */ = {isa = PBXBuildFile; fileRef = 45E7DD78303B47909CA33A6D /* BarlowCondensed-Black.otf */; };
		D84CC78A2420E6DE001C3CA1 /* RobotoMono-Regular.ttf in Resources */ = {isa = PBXBuildFile; fileRef = D84CC7892420E6DE001C3CA1 /* RobotoMono-Regular.ttf */; };
		DDD6FE573C7B4FC880CFD79D /* BarlowCondensed-ExtraBold.otf in Resources */ = {isa = PBXBuildFile; fileRef = A5F7EAF9B54A46C8BB8EAD8F /* BarlowCondensed-ExtraBold.otf */; };
		E1A063A16CD9453AB1B92F7C /* Barlow-SemiBoldItalic.ttf in Resources */ = {isa = PBXBuildFile; fileRef = DDC547F37DF64349AE27858C /* Barlow-SemiBoldItalic.ttf */; };
		E3AB9D05C61146ECBCDB1BC4 /* Pangram-ExtraLight.otf in Resources */ = {isa = PBXBuildFile; fileRef = 8A0137FC129F42AB88EFD1FD /* Pangram-ExtraLight.otf */; };
		EA73D1F773BA44CA9AE36CB5 /* BarlowSemiCondensed-Black.otf in Resources */ = {isa = PBXBuildFile; fileRef = D6CCFE017835440792FCB819 /* BarlowSemiCondensed-Black.otf */; };
		EE82573E88C24602A9182486 /* Barlow-BlackItalic.ttf in Resources */ = {isa = PBXBuildFile; fileRef = 759AC3F031B642FA9E20BB01 /* Barlow-BlackItalic.ttf */; };
		EED53A0E1C5C4EBD9BAD353B /* BarlowCondensed-Regular.otf in Resources */ = {isa = PBXBuildFile; fileRef = 7D8918266551411FADFAE84B /* BarlowCondensed-Regular.otf */; };
		F0D65E390CC74DD4A6936C2C /* Barlow-Italic.ttf in Resources */ = {isa = PBXBuildFile; fileRef = 276A294C6A4A401A91AD1FB4 /* Barlow-Italic.ttf */; };
		F94092EFA7914928BD80037F /* barlowsemicondensed-thin.otf in Resources */ = {isa = PBXBuildFile; fileRef = 51AD0C43160B4E1C9A582F52 /* barlowsemicondensed-thin.otf */; };
		FA03D02376E749C5A8529DD8 /* BarlowCondensed-Thin.otf in Resources */ = {isa = PBXBuildFile; fileRef = 45DBFFABEAEF4BDDA88B381C /* BarlowCondensed-Thin.otf */; };
/* End PBXBuildFile section */

/* Begin PBXContainerItemProxy section */
		00E356F41AD99517003FC87E /* PBXContainerItemProxy */ = {
			isa = PBXContainerItemProxy;
			containerPortal = 83CBB9F71A601CBA00E9B192 /* Project object */;
			proxyType = 1;
			remoteGlobalIDString = 13B07F861A680F5B00A75B9A;
			remoteInfo = celsius;
		};
		2CA1EC40252771D400FD3549 /* PBXContainerItemProxy */ = {
			isa = PBXContainerItemProxy;
			containerPortal = 2CA1EC3C252771D400FD3549 /* RCTDeviceUUID.xcodeproj */;
			proxyType = 2;
			remoteGlobalIDString = F12AFB9B1ADAF8F800E0535D;
			remoteInfo = RCTDeviceUUID;
		};
		2D02E4911E0B4A5D006451C7 /* PBXContainerItemProxy */ = {
			isa = PBXContainerItemProxy;
			containerPortal = 83CBB9F71A601CBA00E9B192 /* Project object */;
			proxyType = 1;
			remoteGlobalIDString = 2D02E47A1E0B4A5D006451C7;
			remoteInfo = "celsius-tvOS";
		};
/* End PBXContainerItemProxy section */

/* Begin PBXFileReference section */
		008F07F21AC5B25A0029DE68 /* main.jsbundle */ = {isa = PBXFileReference; fileEncoding = 4; lastKnownFileType = text; path = main.jsbundle; sourceTree = "<group>"; };
		00E356EE1AD99517003FC87E /* celsiusTests.xctest */ = {isa = PBXFileReference; explicitFileType = wrapper.cfbundle; includeInIndex = 0; path = celsiusTests.xctest; sourceTree = BUILT_PRODUCTS_DIR; };
		00E356F11AD99517003FC87E /* Info.plist */ = {isa = PBXFileReference; lastKnownFileType = text.plist.xml; path = Info.plist; sourceTree = "<group>"; };
		00E356F21AD99517003FC87E /* celsiusTests.m */ = {isa = PBXFileReference; lastKnownFileType = sourcecode.c.objc; path = celsiusTests.m; sourceTree = "<group>"; };
		01C1D9B6082149EF8F3E7F07 /* Pangram-Regular.otf */ = {isa = PBXFileReference; explicitFileType = undefined; fileEncoding = 9; includeInIndex = 0; lastKnownFileType = unknown; name = "Pangram-Regular.otf"; path = "../assets/fonts/Pangram/Pangram-Regular.otf"; sourceTree = "<group>"; };
		01D57B035F17A1A3B1141845 /* libPods-celsiusTests.a */ = {isa = PBXFileReference; explicitFileType = archive.ar; includeInIndex = 0; path = "libPods-celsiusTests.a"; sourceTree = BUILT_PRODUCTS_DIR; };
		023A7AE11FCD42A79527E53A /* Barlow-ExtraLightItalic.ttf */ = {isa = PBXFileReference; explicitFileType = undefined; fileEncoding = 9; includeInIndex = 0; lastKnownFileType = unknown; name = "Barlow-ExtraLightItalic.ttf"; path = "../assets/fonts/Barlow/Barlow-ExtraLightItalic.ttf"; sourceTree = "<group>"; };
		1355C982ED044B98ABD775B1 /* BarlowCondensed-Italic.otf */ = {isa = PBXFileReference; explicitFileType = undefined; fileEncoding = 9; includeInIndex = 0; lastKnownFileType = unknown; name = "BarlowCondensed-Italic.otf"; path = "../assets/fonts/Barlow/BarlowCondensed-Italic.otf"; sourceTree = "<group>"; };
		13B07F961A680F5B00A75B9A /* celsius.app */ = {isa = PBXFileReference; explicitFileType = wrapper.application; includeInIndex = 0; path = celsius.app; sourceTree = BUILT_PRODUCTS_DIR; };
		13B07FAF1A68108700A75B9A /* AppDelegate.h */ = {isa = PBXFileReference; fileEncoding = 4; lastKnownFileType = sourcecode.c.h; name = AppDelegate.h; path = celsius/AppDelegate.h; sourceTree = "<group>"; };
		13B07FB01A68108700A75B9A /* AppDelegate.m */ = {isa = PBXFileReference; fileEncoding = 4; lastKnownFileType = sourcecode.c.objc; name = AppDelegate.m; path = celsius/AppDelegate.m; sourceTree = "<group>"; };
		13B07FB21A68108700A75B9A /* Base */ = {isa = PBXFileReference; lastKnownFileType = file.xib; name = Base; path = Base.lproj/LaunchScreen.xib; sourceTree = "<group>"; };
		13B07FB51A68108700A75B9A /* Images.xcassets */ = {isa = PBXFileReference; lastKnownFileType = folder.assetcatalog; name = Images.xcassets; path = celsius/Images.xcassets; sourceTree = "<group>"; };
		13B07FB61A68108700A75B9A /* Info.plist */ = {isa = PBXFileReference; fileEncoding = 4; lastKnownFileType = text.plist.xml; name = Info.plist; path = celsius/Info.plist; sourceTree = "<group>"; };
		13B07FB71A68108700A75B9A /* main.m */ = {isa = PBXFileReference; fileEncoding = 4; lastKnownFileType = sourcecode.c.objc; name = main.m; path = celsius/main.m; sourceTree = "<group>"; };
		1833ADAD968340588FC2D6B9 /* BarlowSemiCondensed-Bold.otf */ = {isa = PBXFileReference; explicitFileType = undefined; fileEncoding = 9; includeInIndex = 0; lastKnownFileType = unknown; name = "BarlowSemiCondensed-Bold.otf"; path = "../assets/fonts/Barlow/BarlowSemiCondensed-Bold.otf"; sourceTree = "<group>"; };
		1AFC217E24D03ADD00C4C796 /* celsius-Bridging-Header.h */ = {isa = PBXFileReference; lastKnownFileType = sourcecode.c.h; path = "celsius-Bridging-Header.h"; sourceTree = "<group>"; };
		1AFC217F24D03ADD00C4C796 /* SwiftVersion.swift */ = {isa = PBXFileReference; fileEncoding = 4; lastKnownFileType = sourcecode.swift; path = SwiftVersion.swift; sourceTree = "<group>"; };
		1EBA15C6A18D408983B4391B /* Barlow-Thin.ttf */ = {isa = PBXFileReference; explicitFileType = undefined; fileEncoding = 9; includeInIndex = 0; lastKnownFileType = unknown; name = "Barlow-Thin.ttf"; path = "../assets/fonts/Barlow/Barlow-Thin.ttf"; sourceTree = "<group>"; };
		25A2D4734C286DEE9074B6BA /* libPods-celsius-tvOS.a */ = {isa = PBXFileReference; explicitFileType = archive.ar; includeInIndex = 0; path = "libPods-celsius-tvOS.a"; sourceTree = BUILT_PRODUCTS_DIR; };
		276A294C6A4A401A91AD1FB4 /* Barlow-Italic.ttf */ = {isa = PBXFileReference; explicitFileType = undefined; fileEncoding = 9; includeInIndex = 0; lastKnownFileType = unknown; name = "Barlow-Italic.ttf"; path = "../assets/fonts/Barlow/Barlow-Italic.ttf"; sourceTree = "<group>"; };
		281D4E07A8D35935BA4AFE02 /* Pods-celsius-tvOS.release.xcconfig */ = {isa = PBXFileReference; includeInIndex = 1; lastKnownFileType = text.xcconfig; name = "Pods-celsius-tvOS.release.xcconfig"; path = "Target Support Files/Pods-celsius-tvOS/Pods-celsius-tvOS.release.xcconfig"; sourceTree = "<group>"; };
		2CA1EC3C252771D400FD3549 /* RCTDeviceUUID.xcodeproj */ = {isa = PBXFileReference; lastKnownFileType = "wrapper.pb-project"; name = RCTDeviceUUID.xcodeproj; path = "../node_modules/react-native-device-uuid/RCTDeviceUUID.xcodeproj"; sourceTree = "<group>"; };
		2CA1EC432528599400FD3549 /* UDID.h */ = {isa = PBXFileReference; fileEncoding = 4; lastKnownFileType = sourcecode.c.h; path = UDID.h; sourceTree = "<group>"; };
		2CA1EC442528599500FD3549 /* UDID.m */ = {isa = PBXFileReference; fileEncoding = 4; lastKnownFileType = sourcecode.c.objc; path = UDID.m; sourceTree = "<group>"; };
		2D02E47B1E0B4A5D006451C7 /* celsius-tvOS.app */ = {isa = PBXFileReference; explicitFileType = wrapper.application; includeInIndex = 0; path = "celsius-tvOS.app"; sourceTree = BUILT_PRODUCTS_DIR; };
		2D02E4901E0B4A5D006451C7 /* celsius-tvOSTests.xctest */ = {isa = PBXFileReference; explicitFileType = wrapper.cfbundle; includeInIndex = 0; path = "celsius-tvOSTests.xctest"; sourceTree = BUILT_PRODUCTS_DIR; };
		2D4FC982D5CC4EDB80545D03 /* Pangram-ExtraBold.otf */ = {isa = PBXFileReference; explicitFileType = undefined; fileEncoding = 9; includeInIndex = 0; lastKnownFileType = unknown; name = "Pangram-ExtraBold.otf"; path = "../assets/fonts/Pangram/Pangram-ExtraBold.otf"; sourceTree = "<group>"; };
		2DF717837B9D4BB096BE4C5F /* BarlowCondensed-BoldItalic.otf */ = {isa = PBXFileReference; explicitFileType = undefined; fileEncoding = 9; includeInIndex = 0; lastKnownFileType = unknown; name = "BarlowCondensed-BoldItalic.otf"; path = "../assets/fonts/Barlow/BarlowCondensed-BoldItalic.otf"; sourceTree = "<group>"; };
		2FFCDEC67FEB4EE18F73881C /* Barlow-ExtraBoldItalic.ttf */ = {isa = PBXFileReference; explicitFileType = undefined; fileEncoding = 9; includeInIndex = 0; lastKnownFileType = unknown; name = "Barlow-ExtraBoldItalic.ttf"; path = "../assets/fonts/Barlow/Barlow-ExtraBoldItalic.ttf"; sourceTree = "<group>"; };
		33A57E1E1BD7F5D3F72F1E88 /* Pods-celsius.debug.xcconfig */ = {isa = PBXFileReference; includeInIndex = 1; lastKnownFileType = text.xcconfig; name = "Pods-celsius.debug.xcconfig"; path = "Target Support Files/Pods-celsius/Pods-celsius.debug.xcconfig"; sourceTree = "<group>"; };
		3F8F04C634E14D6781DF3443 /* BarlowCondensed-ExtraLightItalic.otf */ = {isa = PBXFileReference; explicitFileType = undefined; fileEncoding = 9; includeInIndex = 0; lastKnownFileType = unknown; name = "BarlowCondensed-ExtraLightItalic.otf"; path = "../assets/fonts/Barlow/BarlowCondensed-ExtraLightItalic.otf"; sourceTree = "<group>"; };
		452F7DBF86D34563899E0C00 /* BarlowSemiCondensed-Regular.otf */ = {isa = PBXFileReference; explicitFileType = undefined; fileEncoding = 9; includeInIndex = 0; lastKnownFileType = unknown; name = "BarlowSemiCondensed-Regular.otf"; path = "../assets/fonts/Barlow/BarlowSemiCondensed-Regular.otf"; sourceTree = "<group>"; };
		45DBFFABEAEF4BDDA88B381C /* BarlowCondensed-Thin.otf */ = {isa = PBXFileReference; explicitFileType = undefined; fileEncoding = 9; includeInIndex = 0; lastKnownFileType = unknown; name = "BarlowCondensed-Thin.otf"; path = "../assets/fonts/Barlow/BarlowCondensed-Thin.otf"; sourceTree = "<group>"; };
		45E7DD78303B47909CA33A6D /* BarlowCondensed-Black.otf */ = {isa = PBXFileReference; explicitFileType = undefined; fileEncoding = 9; includeInIndex = 0; lastKnownFileType = unknown; name = "BarlowCondensed-Black.otf"; path = "../assets/fonts/Barlow/BarlowCondensed-Black.otf"; sourceTree = "<group>"; };
		46E2FE825A1548ABB3FBAF4A /* barlowsemicondensed-thinitalic.otf */ = {isa = PBXFileReference; explicitFileType = undefined; fileEncoding = 9; includeInIndex = 0; lastKnownFileType = unknown; name = "barlowsemicondensed-thinitalic.otf"; path = "../assets/fonts/Barlow/barlowsemicondensed-thinitalic.otf"; sourceTree = "<group>"; };
		47E46CE7DDE6D91E514610FE /* Pods-celsius-tvOSTests.release.xcconfig */ = {isa = PBXFileReference; includeInIndex = 1; lastKnownFileType = text.xcconfig; name = "Pods-celsius-tvOSTests.release.xcconfig"; path = "Target Support Files/Pods-celsius-tvOSTests/Pods-celsius-tvOSTests.release.xcconfig"; sourceTree = "<group>"; };
		4B23B23F749245DDA8BA10BF /* BarlowCondensed-MediumItalic.otf */ = {isa = PBXFileReference; explicitFileType = undefined; fileEncoding = 9; includeInIndex = 0; lastKnownFileType = unknown; name = "BarlowCondensed-MediumItalic.otf"; path = "../assets/fonts/Barlow/BarlowCondensed-MediumItalic.otf"; sourceTree = "<group>"; };
		4DB7BADDDB3B43109D1C9C17 /* Barlow-MediumItalic.ttf */ = {isa = PBXFileReference; explicitFileType = undefined; fileEncoding = 9; includeInIndex = 0; lastKnownFileType = unknown; name = "Barlow-MediumItalic.ttf"; path = "../assets/fonts/Barlow/Barlow-MediumItalic.ttf"; sourceTree = "<group>"; };
		51AD0C43160B4E1C9A582F52 /* barlowsemicondensed-thin.otf */ = {isa = PBXFileReference; explicitFileType = undefined; fileEncoding = 9; includeInIndex = 0; lastKnownFileType = unknown; name = "barlowsemicondensed-thin.otf"; path = "../assets/fonts/Barlow/barlowsemicondensed-thin.otf"; sourceTree = "<group>"; };
		55645A9488C944DA9BEF262C /* BarlowCondensed-ExtraBoldItalic.otf */ = {isa = PBXFileReference; explicitFileType = undefined; fileEncoding = 9; includeInIndex = 0; lastKnownFileType = unknown; name = "BarlowCondensed-ExtraBoldItalic.otf"; path = "../assets/fonts/Barlow/BarlowCondensed-ExtraBoldItalic.otf"; sourceTree = "<group>"; };
		572AB4BC65914A76B8A4A970 /* Pangram-Black.otf */ = {isa = PBXFileReference; explicitFileType = undefined; fileEncoding = 9; includeInIndex = 0; lastKnownFileType = unknown; name = "Pangram-Black.otf"; path = "../assets/fonts/Pangram/Pangram-Black.otf"; sourceTree = "<group>"; };
		5B49B1BE9ACF469EBE020407 /* Barlow-Light.ttf */ = {isa = PBXFileReference; explicitFileType = undefined; fileEncoding = 9; includeInIndex = 0; lastKnownFileType = unknown; name = "Barlow-Light.ttf"; path = "../assets/fonts/Barlow/Barlow-Light.ttf"; sourceTree = "<group>"; };
		64701E076D964BC288866C9F /* Barlow-ExtraLight.ttf */ = {isa = PBXFileReference; explicitFileType = undefined; fileEncoding = 9; includeInIndex = 0; lastKnownFileType = unknown; name = "Barlow-ExtraLight.ttf"; path = "../assets/fonts/Barlow/Barlow-ExtraLight.ttf"; sourceTree = "<group>"; };
		6A817FC4395D4BC6959549A4 /* BarlowSemiCondensed-ExtraBoldItalic.otf */ = {isa = PBXFileReference; explicitFileType = undefined; fileEncoding = 9; includeInIndex = 0; lastKnownFileType = unknown; name = "BarlowSemiCondensed-ExtraBoldItalic.otf"; path = "../assets/fonts/Barlow/BarlowSemiCondensed-ExtraBoldItalic.otf"; sourceTree = "<group>"; };
		72508B90A8AC46099569CACA /* RobotoMono-Regular.ttf */ = {isa = PBXFileReference; explicitFileType = undefined; fileEncoding = 9; includeInIndex = 0; lastKnownFileType = unknown; name = "RobotoMono-Regular.ttf"; path = "../assets/fonts/Roboto-Mono/RobotoMono-Regular.ttf"; sourceTree = "<group>"; };
		74B26A742359401699D7D2E4 /* Barlow-SemiBold.ttf */ = {isa = PBXFileReference; explicitFileType = undefined; fileEncoding = 9; includeInIndex = 0; lastKnownFileType = unknown; name = "Barlow-SemiBold.ttf"; path = "../assets/fonts/Barlow/Barlow-SemiBold.ttf"; sourceTree = "<group>"; };
		756548C64097404FA7D287A4 /* BarlowCondensed-ThinItalic.otf */ = {isa = PBXFileReference; explicitFileType = undefined; fileEncoding = 9; includeInIndex = 0; lastKnownFileType = unknown; name = "BarlowCondensed-ThinItalic.otf"; path = "../assets/fonts/Barlow/BarlowCondensed-ThinItalic.otf"; sourceTree = "<group>"; };
		759AC3F031B642FA9E20BB01 /* Barlow-BlackItalic.ttf */ = {isa = PBXFileReference; explicitFileType = undefined; fileEncoding = 9; includeInIndex = 0; lastKnownFileType = unknown; name = "Barlow-BlackItalic.ttf"; path = "../assets/fonts/Barlow/Barlow-BlackItalic.ttf"; sourceTree = "<group>"; };
		78B16A3E390F41A49A60F0D7 /* Barlow-Regular.ttf */ = {isa = PBXFileReference; explicitFileType = undefined; fileEncoding = 9; includeInIndex = 0; lastKnownFileType = unknown; name = "Barlow-Regular.ttf"; path = "../assets/fonts/Barlow/Barlow-Regular.ttf"; sourceTree = "<group>"; };
		7D8918266551411FADFAE84B /* BarlowCondensed-Regular.otf */ = {isa = PBXFileReference; explicitFileType = undefined; fileEncoding = 9; includeInIndex = 0; lastKnownFileType = unknown; name = "BarlowCondensed-Regular.otf"; path = "../assets/fonts/Barlow/BarlowCondensed-Regular.otf"; sourceTree = "<group>"; };
		7E8B101D9344E82484D59B46 /* libPods-celsius-tvOSTests.a */ = {isa = PBXFileReference; explicitFileType = archive.ar; includeInIndex = 0; path = "libPods-celsius-tvOSTests.a"; sourceTree = BUILT_PRODUCTS_DIR; };
		81F03B8623A843629E5365A2 /* BarlowCondensed-ExtraLight.otf */ = {isa = PBXFileReference; explicitFileType = undefined; fileEncoding = 9; includeInIndex = 0; lastKnownFileType = unknown; name = "BarlowCondensed-ExtraLight.otf"; path = "../assets/fonts/Barlow/BarlowCondensed-ExtraLight.otf"; sourceTree = "<group>"; };
		865E31541DAFA43F523953D7 /* Pods-celsius.release.xcconfig */ = {isa = PBXFileReference; includeInIndex = 1; lastKnownFileType = text.xcconfig; name = "Pods-celsius.release.xcconfig"; path = "Target Support Files/Pods-celsius/Pods-celsius.release.xcconfig"; sourceTree = "<group>"; };
		8A0137FC129F42AB88EFD1FD /* Pangram-ExtraLight.otf */ = {isa = PBXFileReference; explicitFileType = undefined; fileEncoding = 9; includeInIndex = 0; lastKnownFileType = unknown; name = "Pangram-ExtraLight.otf"; path = "../assets/fonts/Pangram/Pangram-ExtraLight.otf"; sourceTree = "<group>"; };
		8EB431722F714B56B94810E3 /* BarlowSemiCondensed-BoldItalic.otf */ = {isa = PBXFileReference; explicitFileType = undefined; fileEncoding = 9; includeInIndex = 0; lastKnownFileType = unknown; name = "BarlowSemiCondensed-BoldItalic.otf"; path = "../assets/fonts/Barlow/BarlowSemiCondensed-BoldItalic.otf"; sourceTree = "<group>"; };
		930834B4752C4C6794597E0A /* BarlowSemiCondensed-ExtraLight.otf */ = {isa = PBXFileReference; explicitFileType = undefined; fileEncoding = 9; includeInIndex = 0; lastKnownFileType = unknown; name = "BarlowSemiCondensed-ExtraLight.otf"; path = "../assets/fonts/Barlow/BarlowSemiCondensed-ExtraLight.otf"; sourceTree = "<group>"; };
		93C041CF6D56485E90A069B1 /* Pangram-Light.otf */ = {isa = PBXFileReference; explicitFileType = undefined; fileEncoding = 9; includeInIndex = 0; lastKnownFileType = unknown; name = "Pangram-Light.otf"; path = "../assets/fonts/Pangram/Pangram-Light.otf"; sourceTree = "<group>"; };
		955E78DBBD184C8D915D76E4 /* BarlowSemiCondensed-SemiBoldItalic.otf */ = {isa = PBXFileReference; explicitFileType = undefined; fileEncoding = 9; includeInIndex = 0; lastKnownFileType = unknown; name = "BarlowSemiCondensed-SemiBoldItalic.otf"; path = "../assets/fonts/Barlow/BarlowSemiCondensed-SemiBoldItalic.otf"; sourceTree = "<group>"; };
		9753A59872174098836C7735 /* BarlowSemiCondensed-SemiBold.otf */ = {isa = PBXFileReference; explicitFileType = undefined; fileEncoding = 9; includeInIndex = 0; lastKnownFileType = unknown; name = "BarlowSemiCondensed-SemiBold.otf"; path = "../assets/fonts/Barlow/BarlowSemiCondensed-SemiBold.otf"; sourceTree = "<group>"; };
		9A6F6E74D8D54A0EAC82F221 /* Barlow-ExtraBold.ttf */ = {isa = PBXFileReference; explicitFileType = undefined; fileEncoding = 9; includeInIndex = 0; lastKnownFileType = unknown; name = "Barlow-ExtraBold.ttf"; path = "../assets/fonts/Barlow/Barlow-ExtraBold.ttf"; sourceTree = "<group>"; };
		A002FA53CF7C86640560A008 /* Pods-celsiusTests.release.xcconfig */ = {isa = PBXFileReference; includeInIndex = 1; lastKnownFileType = text.xcconfig; name = "Pods-celsiusTests.release.xcconfig"; path = "Target Support Files/Pods-celsiusTests/Pods-celsiusTests.release.xcconfig"; sourceTree = "<group>"; };
		A05C4554132A47C292312140 /* BarlowCondensed-SemiBoldItalic.otf */ = {isa = PBXFileReference; explicitFileType = undefined; fileEncoding = 9; includeInIndex = 0; lastKnownFileType = unknown; name = "BarlowCondensed-SemiBoldItalic.otf"; path = "../assets/fonts/Barlow/BarlowCondensed-SemiBoldItalic.otf"; sourceTree = "<group>"; };
		A25E3D7F237AF18600B3EDEA /* Celsius Network.entitlements */ = {isa = PBXFileReference; lastKnownFileType = text.plist.entitlements; name = "Celsius Network.entitlements"; path = "celsius/Celsius Network.entitlements"; sourceTree = "<group>"; };
		A2963869CBE74E9EBF56669A /* BarlowCondensed-SemiBold.otf */ = {isa = PBXFileReference; explicitFileType = undefined; fileEncoding = 9; includeInIndex = 0; lastKnownFileType = unknown; name = "BarlowCondensed-SemiBold.otf"; path = "../assets/fonts/Barlow/BarlowCondensed-SemiBold.otf"; sourceTree = "<group>"; };
		A2DEC501237EB335002537E9 /* Barlow-Bold.ttf */ = {isa = PBXFileReference; lastKnownFileType = file; path = "Barlow-Bold.ttf"; sourceTree = "<group>"; };
		A2DEC502237EB335002537E9 /* Barlow-SemiBold.ttf */ = {isa = PBXFileReference; lastKnownFileType = file; path = "Barlow-SemiBold.ttf"; sourceTree = "<group>"; };
		A2DEC503237EB335002537E9 /* Barlow-SemiBoldItalic.ttf */ = {isa = PBXFileReference; lastKnownFileType = file; path = "Barlow-SemiBoldItalic.ttf"; sourceTree = "<group>"; };
		A2DEC504237EB335002537E9 /* Barlow-Italic.ttf */ = {isa = PBXFileReference; lastKnownFileType = file; path = "Barlow-Italic.ttf"; sourceTree = "<group>"; };
		A2DEC505237EB336002537E9 /* Barlow-BoldItalic.ttf */ = {isa = PBXFileReference; lastKnownFileType = file; path = "Barlow-BoldItalic.ttf"; sourceTree = "<group>"; };
		A2DEC506237EB336002537E9 /* Barlow-ExtraLightItalic.ttf */ = {isa = PBXFileReference; lastKnownFileType = file; path = "Barlow-ExtraLightItalic.ttf"; sourceTree = "<group>"; };
		A2DEC507237EB336002537E9 /* Barlow-ExtraBoldItalic.ttf */ = {isa = PBXFileReference; lastKnownFileType = file; path = "Barlow-ExtraBoldItalic.ttf"; sourceTree = "<group>"; };
		A2DEC508237EB336002537E9 /* Barlow-Regular.ttf */ = {isa = PBXFileReference; lastKnownFileType = file; path = "Barlow-Regular.ttf"; sourceTree = "<group>"; };
		A2DEC509237EB336002537E9 /* Barlow-Thin.ttf */ = {isa = PBXFileReference; lastKnownFileType = file; path = "Barlow-Thin.ttf"; sourceTree = "<group>"; };
		A2DEC50A237EB336002537E9 /* Barlow-Medium.ttf */ = {isa = PBXFileReference; lastKnownFileType = file; path = "Barlow-Medium.ttf"; sourceTree = "<group>"; };
		A2DEC50B237EB336002537E9 /* Barlow-ThinItalic.ttf */ = {isa = PBXFileReference; lastKnownFileType = file; path = "Barlow-ThinItalic.ttf"; sourceTree = "<group>"; };
		A2DEC50C237EB336002537E9 /* Barlow-Black.ttf */ = {isa = PBXFileReference; lastKnownFileType = file; path = "Barlow-Black.ttf"; sourceTree = "<group>"; };
		A2DEC50D237EB336002537E9 /* Barlow-ExtraLight.ttf */ = {isa = PBXFileReference; lastKnownFileType = file; path = "Barlow-ExtraLight.ttf"; sourceTree = "<group>"; };
		A2DEC50E237EB337002537E9 /* Barlow-ExtraBold.ttf */ = {isa = PBXFileReference; lastKnownFileType = file; path = "Barlow-ExtraBold.ttf"; sourceTree = "<group>"; };
		A2DEC50F237EB337002537E9 /* Barlow-LightItalic.ttf */ = {isa = PBXFileReference; lastKnownFileType = file; path = "Barlow-LightItalic.ttf"; sourceTree = "<group>"; };
		A2DEC510237EB337002537E9 /* Barlow-Light.ttf */ = {isa = PBXFileReference; lastKnownFileType = file; path = "Barlow-Light.ttf"; sourceTree = "<group>"; };
		A2DEC511237EB337002537E9 /* Barlow-MediumItalic.ttf */ = {isa = PBXFileReference; lastKnownFileType = file; path = "Barlow-MediumItalic.ttf"; sourceTree = "<group>"; };
		A2DEC512237EB337002537E9 /* Barlow-BlackItalic.ttf */ = {isa = PBXFileReference; lastKnownFileType = file; path = "Barlow-BlackItalic.ttf"; sourceTree = "<group>"; };
		A2FC810F239E50E400193CE5 /* GoogleService-Info.plist */ = {isa = PBXFileReference; fileEncoding = 4; lastKnownFileType = text.plist.xml; path = "GoogleService-Info.plist"; sourceTree = "<group>"; };
		A5A4DD3C120441DEBC7C28BA /* BarlowCondensed-Medium.otf */ = {isa = PBXFileReference; explicitFileType = undefined; fileEncoding = 9; includeInIndex = 0; lastKnownFileType = unknown; name = "BarlowCondensed-Medium.otf"; path = "../assets/fonts/Barlow/BarlowCondensed-Medium.otf"; sourceTree = "<group>"; };
		A5F7EAF9B54A46C8BB8EAD8F /* BarlowCondensed-ExtraBold.otf */ = {isa = PBXFileReference; explicitFileType = undefined; fileEncoding = 9; includeInIndex = 0; lastKnownFileType = unknown; name = "BarlowCondensed-ExtraBold.otf"; path = "../assets/fonts/Barlow/BarlowCondensed-ExtraBold.otf"; sourceTree = "<group>"; };
		AA5F6F6B043E464193D57B46 /* BarlowCondensed-LightItalic.otf */ = {isa = PBXFileReference; explicitFileType = undefined; fileEncoding = 9; includeInIndex = 0; lastKnownFileType = unknown; name = "BarlowCondensed-LightItalic.otf"; path = "../assets/fonts/Barlow/BarlowCondensed-LightItalic.otf"; sourceTree = "<group>"; };
		AEFF2D05579A162FC964D118 /* libPods-celsius.a */ = {isa = PBXFileReference; explicitFileType = archive.ar; includeInIndex = 0; path = "libPods-celsius.a"; sourceTree = BUILT_PRODUCTS_DIR; };
		B3EE884451A1454DA0C6AF58 /* BarlowSemiCondensed-LightItalic.otf */ = {isa = PBXFileReference; explicitFileType = undefined; fileEncoding = 9; includeInIndex = 0; lastKnownFileType = unknown; name = "BarlowSemiCondensed-LightItalic.otf"; path = "../assets/fonts/Barlow/BarlowSemiCondensed-LightItalic.otf"; sourceTree = "<group>"; };
		B429F937025945B19B25EC27 /* barlowsemicondensed-light.otf */ = {isa = PBXFileReference; explicitFileType = undefined; fileEncoding = 9; includeInIndex = 0; lastKnownFileType = unknown; name = "barlowsemicondensed-light.otf"; path = "../assets/fonts/Barlow/barlowsemicondensed-light.otf"; sourceTree = "<group>"; };
		B50589F2D27C405ABFA14E9C /* BarlowCondensed-Bold.otf */ = {isa = PBXFileReference; explicitFileType = undefined; fileEncoding = 9; includeInIndex = 0; lastKnownFileType = unknown; name = "BarlowCondensed-Bold.otf"; path = "../assets/fonts/Barlow/BarlowCondensed-Bold.otf"; sourceTree = "<group>"; };
		B5789DA5F97448EE865D8CAC /* barlowsemicondensed-italic.otf */ = {isa = PBXFileReference; explicitFileType = undefined; fileEncoding = 9; includeInIndex = 0; lastKnownFileType = unknown; name = "barlowsemicondensed-italic.otf"; path = "../assets/fonts/Barlow/barlowsemicondensed-italic.otf"; sourceTree = "<group>"; };
		B65F334270EE4EE29DA180EB /* barlowcondensed-blackitalic.otf */ = {isa = PBXFileReference; explicitFileType = undefined; fileEncoding = 9; includeInIndex = 0; lastKnownFileType = unknown; name = "barlowcondensed-blackitalic.otf"; path = "../assets/fonts/Barlow/barlowcondensed-blackitalic.otf"; sourceTree = "<group>"; };
		B70BB310D85C40FABF0DE761 /* Barlow-BoldItalic.ttf */ = {isa = PBXFileReference; explicitFileType = undefined; fileEncoding = 9; includeInIndex = 0; lastKnownFileType = unknown; name = "Barlow-BoldItalic.ttf"; path = "../assets/fonts/Barlow/Barlow-BoldItalic.ttf"; sourceTree = "<group>"; };
		BC89E96542284CB48C5C4359 /* barlowsemicondensed-extralightitalic.otf */ = {isa = PBXFileReference; explicitFileType = undefined; fileEncoding = 9; includeInIndex = 0; lastKnownFileType = unknown; name = "barlowsemicondensed-extralightitalic.otf"; path = "../assets/fonts/Barlow/barlowsemicondensed-extralightitalic.otf"; sourceTree = "<group>"; };
		BDD02D8639C2EF75B9184103 /* Pods-celsius-tvOSTests.debug.xcconfig */ = {isa = PBXFileReference; includeInIndex = 1; lastKnownFileType = text.xcconfig; name = "Pods-celsius-tvOSTests.debug.xcconfig"; path = "Target Support Files/Pods-celsius-tvOSTests/Pods-celsius-tvOSTests.debug.xcconfig"; sourceTree = "<group>"; };
		C4CDEEDA45F9482EBEC3397D /* Pangram-Bold.otf */ = {isa = PBXFileReference; explicitFileType = undefined; fileEncoding = 9; includeInIndex = 0; lastKnownFileType = unknown; name = "Pangram-Bold.otf"; path = "../assets/fonts/Pangram/Pangram-Bold.otf"; sourceTree = "<group>"; };
		C77A08BD81D24AFC94CB7498 /* Pangram-Medium.otf */ = {isa = PBXFileReference; explicitFileType = undefined; fileEncoding = 9; includeInIndex = 0; lastKnownFileType = unknown; name = "Pangram-Medium.otf"; path = "../assets/fonts/Pangram/Pangram-Medium.otf"; sourceTree = "<group>"; };
		CD435F8DF33E4A0D903CF670 /* BarlowSemiCondensed-BlackItalic.otf */ = {isa = PBXFileReference; explicitFileType = undefined; fileEncoding = 9; includeInIndex = 0; lastKnownFileType = unknown; name = "BarlowSemiCondensed-BlackItalic.otf"; path = "../assets/fonts/Barlow/BarlowSemiCondensed-BlackItalic.otf"; sourceTree = "<group>"; };
		D4DCE646916443DC9C78B752 /* Barlow-LightItalic.ttf */ = {isa = PBXFileReference; explicitFileType = undefined; fileEncoding = 9; includeInIndex = 0; lastKnownFileType = unknown; name = "Barlow-LightItalic.ttf"; path = "../assets/fonts/Barlow/Barlow-LightItalic.ttf"; sourceTree = "<group>"; };
		D6CCFE017835440792FCB819 /* BarlowSemiCondensed-Black.otf */ = {isa = PBXFileReference; explicitFileType = undefined; fileEncoding = 9; includeInIndex = 0; lastKnownFileType = unknown; name = "BarlowSemiCondensed-Black.otf"; path = "../assets/fonts/Barlow/BarlowSemiCondensed-Black.otf"; sourceTree = "<group>"; };
		D83CB27266FA45CEA4C57696 /* barlowsemicondensed-mediumitalic.otf */ = {isa = PBXFileReference; explicitFileType = undefined; fileEncoding = 9; includeInIndex = 0; lastKnownFileType = unknown; name = "barlowsemicondensed-mediumitalic.otf"; path = "../assets/fonts/Barlow/barlowsemicondensed-mediumitalic.otf"; sourceTree = "<group>"; };
		D84CC7892420E6DE001C3CA1 /* RobotoMono-Regular.ttf */ = {isa = PBXFileReference; lastKnownFileType = file; path = "RobotoMono-Regular.ttf"; sourceTree = "<group>"; };
		DADB88982AE049AABF0B11D0 /* Barlow-ThinItalic.ttf */ = {isa = PBXFileReference; explicitFileType = undefined; fileEncoding = 9; includeInIndex = 0; lastKnownFileType = unknown; name = "Barlow-ThinItalic.ttf"; path = "../assets/fonts/Barlow/Barlow-ThinItalic.ttf"; sourceTree = "<group>"; };
		DD5E9F244CF24918B512576D /* Barlow-Bold.ttf */ = {isa = PBXFileReference; explicitFileType = undefined; fileEncoding = 9; includeInIndex = 0; lastKnownFileType = unknown; name = "Barlow-Bold.ttf"; path = "../assets/fonts/Barlow/Barlow-Bold.ttf"; sourceTree = "<group>"; };
		DD815378239E434FAEEEBA73 /* Barlow-Black.ttf */ = {isa = PBXFileReference; explicitFileType = undefined; fileEncoding = 9; includeInIndex = 0; lastKnownFileType = unknown; name = "Barlow-Black.ttf"; path = "../assets/fonts/Barlow/Barlow-Black.ttf"; sourceTree = "<group>"; };
		DDC547F37DF64349AE27858C /* Barlow-SemiBoldItalic.ttf */ = {isa = PBXFileReference; explicitFileType = undefined; fileEncoding = 9; includeInIndex = 0; lastKnownFileType = unknown; name = "Barlow-SemiBoldItalic.ttf"; path = "../assets/fonts/Barlow/Barlow-SemiBoldItalic.ttf"; sourceTree = "<group>"; };
		ED297162215061F000B7C4FE /* JavaScriptCore.framework */ = {isa = PBXFileReference; lastKnownFileType = wrapper.framework; name = JavaScriptCore.framework; path = System/Library/Frameworks/JavaScriptCore.framework; sourceTree = SDKROOT; };
		ED2971642150620600B7C4FE /* JavaScriptCore.framework */ = {isa = PBXFileReference; lastKnownFileType = wrapper.framework; name = JavaScriptCore.framework; path = Platforms/AppleTVOS.platform/Developer/SDKs/AppleTVOS12.0.sdk/System/Library/Frameworks/JavaScriptCore.framework; sourceTree = DEVELOPER_DIR; };
		EE1E99570B754BB49B33474A /* Barlow-Medium.ttf */ = {isa = PBXFileReference; explicitFileType = undefined; fileEncoding = 9; includeInIndex = 0; lastKnownFileType = unknown; name = "Barlow-Medium.ttf"; path = "../assets/fonts/Barlow/Barlow-Medium.ttf"; sourceTree = "<group>"; };
		F228B02D6E2548D3B62EBC11 /* BarlowCondensed-Light.otf */ = {isa = PBXFileReference; explicitFileType = undefined; fileEncoding = 9; includeInIndex = 0; lastKnownFileType = unknown; name = "BarlowCondensed-Light.otf"; path = "../assets/fonts/Barlow/BarlowCondensed-Light.otf"; sourceTree = "<group>"; };
		F3391D1DBD65437D9CE901E8 /* Barlow-RegularItalic.ttf */ = {isa = PBXFileReference; explicitFileType = undefined; fileEncoding = 9; includeInIndex = 0; lastKnownFileType = unknown; name = "Barlow-RegularItalic.ttf"; path = "../assets/fonts/Barlow/Barlow-RegularItalic.ttf"; sourceTree = "<group>"; };
		F5C4CA65EA994CE58162301C /* barlowsemicondensed-extrabold.otf */ = {isa = PBXFileReference; explicitFileType = undefined; fileEncoding = 9; includeInIndex = 0; lastKnownFileType = unknown; name = "barlowsemicondensed-extrabold.otf"; path = "../assets/fonts/Barlow/barlowsemicondensed-extrabold.otf"; sourceTree = "<group>"; };
		FADB363041EB26CBFEADCFCC /* Pods-celsiusTests.debug.xcconfig */ = {isa = PBXFileReference; includeInIndex = 1; lastKnownFileType = text.xcconfig; name = "Pods-celsiusTests.debug.xcconfig"; path = "Target Support Files/Pods-celsiusTests/Pods-celsiusTests.debug.xcconfig"; sourceTree = "<group>"; };
		FCC954AA1082BE58DE6ECA02 /* Pods-celsius-tvOS.debug.xcconfig */ = {isa = PBXFileReference; includeInIndex = 1; lastKnownFileType = text.xcconfig; name = "Pods-celsius-tvOS.debug.xcconfig"; path = "Target Support Files/Pods-celsius-tvOS/Pods-celsius-tvOS.debug.xcconfig"; sourceTree = "<group>"; };
		FDEBBAEE44EA4067BDAEF33E /* BarlowSemiCondensed-Medium.otf */ = {isa = PBXFileReference; explicitFileType = undefined; fileEncoding = 9; includeInIndex = 0; lastKnownFileType = unknown; name = "BarlowSemiCondensed-Medium.otf"; path = "../assets/fonts/Barlow/BarlowSemiCondensed-Medium.otf"; sourceTree = "<group>"; };
/* End PBXFileReference section */

/* Begin PBXFrameworksBuildPhase section */
		00E356EB1AD99517003FC87E /* Frameworks */ = {
			isa = PBXFrameworksBuildPhase;
			buildActionMask = 2147483647;
			files = (
				3C0834429168BE0EA0C4634E /* libPods-celsiusTests.a in Frameworks */,
			);
			runOnlyForDeploymentPostprocessing = 0;
		};
		13B07F8C1A680F5B00A75B9A /* Frameworks */ = {
			isa = PBXFrameworksBuildPhase;
			buildActionMask = 2147483647;
			files = (
				3CF5B697D67E9D0AAC8AF76B /* libPods-celsius.a in Frameworks */,
			);
			runOnlyForDeploymentPostprocessing = 0;
		};
		2D02E4781E0B4A5D006451C7 /* Frameworks */ = {
			isa = PBXFrameworksBuildPhase;
			buildActionMask = 2147483647;
			files = (
				22837BCC8D61ADE990D0EA1D /* libPods-celsius-tvOS.a in Frameworks */,
			);
			runOnlyForDeploymentPostprocessing = 0;
		};
		2D02E48D1E0B4A5D006451C7 /* Frameworks */ = {
			isa = PBXFrameworksBuildPhase;
			buildActionMask = 2147483647;
			files = (
				13BE51A14725992548840FAC /* libPods-celsius-tvOSTests.a in Frameworks */,
			);
			runOnlyForDeploymentPostprocessing = 0;
		};
/* End PBXFrameworksBuildPhase section */

/* Begin PBXGroup section */
		00E356EF1AD99517003FC87E /* celsiusTests */ = {
			isa = PBXGroup;
			children = (
				00E356F21AD99517003FC87E /* celsiusTests.m */,
				00E356F01AD99517003FC87E /* Supporting Files */,
			);
			path = celsiusTests;
			sourceTree = "<group>";
		};
		00E356F01AD99517003FC87E /* Supporting Files */ = {
			isa = PBXGroup;
			children = (
				00E356F11AD99517003FC87E /* Info.plist */,
			);
			name = "Supporting Files";
			sourceTree = "<group>";
		};
		13B07FAE1A68108700A75B9A /* celsius */ = {
			isa = PBXGroup;
			children = (
				2CA1EC472528634200FD3549 /* NativeModules */,
				A2DEC500237EB2FE002537E9 /* fonts */,
				A25E3D7F237AF18600B3EDEA /* Celsius Network.entitlements */,
				008F07F21AC5B25A0029DE68 /* main.jsbundle */,
				13B07FAF1A68108700A75B9A /* AppDelegate.h */,
				13B07FB01A68108700A75B9A /* AppDelegate.m */,
				13B07FB51A68108700A75B9A /* Images.xcassets */,
				A2FC810F239E50E400193CE5 /* GoogleService-Info.plist */,
				13B07FB61A68108700A75B9A /* Info.plist */,
				13B07FB11A68108700A75B9A /* LaunchScreen.xib */,
				13B07FB71A68108700A75B9A /* main.m */,
				1AFC217F24D03ADD00C4C796 /* SwiftVersion.swift */,
				1AFC217E24D03ADD00C4C796 /* celsius-Bridging-Header.h */,
			);
			name = celsius;
			sourceTree = "<group>";
		};
		2CA1EC3D252771D400FD3549 /* Products */ = {
			isa = PBXGroup;
			children = (
				2CA1EC41252771D400FD3549 /* libRCTDeviceUUID.a */,
			);
			name = Products;
			sourceTree = "<group>";
		};
		2CA1EC472528634200FD3549 /* NativeModules */ = {
			isa = PBXGroup;
			children = (
				2CA1EC432528599400FD3549 /* UDID.h */,
				2CA1EC442528599500FD3549 /* UDID.m */,
			);
			name = NativeModules;
			sourceTree = "<group>";
		};
		2D16E6871FA4F8E400B85C8A /* Frameworks */ = {
			isa = PBXGroup;
			children = (
				ED297162215061F000B7C4FE /* JavaScriptCore.framework */,
				ED2971642150620600B7C4FE /* JavaScriptCore.framework */,
				AEFF2D05579A162FC964D118 /* libPods-celsius.a */,
				25A2D4734C286DEE9074B6BA /* libPods-celsius-tvOS.a */,
				7E8B101D9344E82484D59B46 /* libPods-celsius-tvOSTests.a */,
				01D57B035F17A1A3B1141845 /* libPods-celsiusTests.a */,
			);
			name = Frameworks;
			sourceTree = "<group>";
		};
		7F24284F9A2610411048C43C /* Pods */ = {
			isa = PBXGroup;
			children = (
				33A57E1E1BD7F5D3F72F1E88 /* Pods-celsius.debug.xcconfig */,
				865E31541DAFA43F523953D7 /* Pods-celsius.release.xcconfig */,
				FCC954AA1082BE58DE6ECA02 /* Pods-celsius-tvOS.debug.xcconfig */,
				281D4E07A8D35935BA4AFE02 /* Pods-celsius-tvOS.release.xcconfig */,
				BDD02D8639C2EF75B9184103 /* Pods-celsius-tvOSTests.debug.xcconfig */,
				47E46CE7DDE6D91E514610FE /* Pods-celsius-tvOSTests.release.xcconfig */,
				FADB363041EB26CBFEADCFCC /* Pods-celsiusTests.debug.xcconfig */,
				A002FA53CF7C86640560A008 /* Pods-celsiusTests.release.xcconfig */,
			);
			path = Pods;
			sourceTree = "<group>";
		};
		832341AE1AAA6A7D00B99B32 /* Libraries */ = {
			isa = PBXGroup;
			children = (
				2CA1EC3C252771D400FD3549 /* RCTDeviceUUID.xcodeproj */,
			);
			name = Libraries;
			sourceTree = "<group>";
		};
		83CBB9F61A601CBA00E9B192 = {
			isa = PBXGroup;
			children = (
				13B07FAE1A68108700A75B9A /* celsius */,
				832341AE1AAA6A7D00B99B32 /* Libraries */,
				00E356EF1AD99517003FC87E /* celsiusTests */,
				83CBBA001A601CBA00E9B192 /* Products */,
				2D16E6871FA4F8E400B85C8A /* Frameworks */,
				7F24284F9A2610411048C43C /* Pods */,
				961272847EBF46F4A1120E00 /* Resources */,
			);
			indentWidth = 2;
			sourceTree = "<group>";
			tabWidth = 2;
			usesTabs = 0;
		};
		83CBBA001A601CBA00E9B192 /* Products */ = {
			isa = PBXGroup;
			children = (
				13B07F961A680F5B00A75B9A /* celsius.app */,
				00E356EE1AD99517003FC87E /* celsiusTests.xctest */,
				2D02E47B1E0B4A5D006451C7 /* celsius-tvOS.app */,
				2D02E4901E0B4A5D006451C7 /* celsius-tvOSTests.xctest */,
			);
			name = Products;
			sourceTree = "<group>";
		};
		961272847EBF46F4A1120E00 /* Resources */ = {
			isa = PBXGroup;
			children = (
				DD815378239E434FAEEEBA73 /* Barlow-Black.ttf */,
				759AC3F031B642FA9E20BB01 /* Barlow-BlackItalic.ttf */,
				DD5E9F244CF24918B512576D /* Barlow-Bold.ttf */,
				B70BB310D85C40FABF0DE761 /* Barlow-BoldItalic.ttf */,
				9A6F6E74D8D54A0EAC82F221 /* Barlow-ExtraBold.ttf */,
				2FFCDEC67FEB4EE18F73881C /* Barlow-ExtraBoldItalic.ttf */,
				64701E076D964BC288866C9F /* Barlow-ExtraLight.ttf */,
				023A7AE11FCD42A79527E53A /* Barlow-ExtraLightItalic.ttf */,
				5B49B1BE9ACF469EBE020407 /* Barlow-Light.ttf */,
				D4DCE646916443DC9C78B752 /* Barlow-LightItalic.ttf */,
				EE1E99570B754BB49B33474A /* Barlow-Medium.ttf */,
				4DB7BADDDB3B43109D1C9C17 /* Barlow-MediumItalic.ttf */,
				78B16A3E390F41A49A60F0D7 /* Barlow-Regular.ttf */,
				F3391D1DBD65437D9CE901E8 /* Barlow-RegularItalic.ttf */,
				74B26A742359401699D7D2E4 /* Barlow-SemiBold.ttf */,
				DDC547F37DF64349AE27858C /* Barlow-SemiBoldItalic.ttf */,
				1EBA15C6A18D408983B4391B /* Barlow-Thin.ttf */,
				DADB88982AE049AABF0B11D0 /* Barlow-ThinItalic.ttf */,
				45E7DD78303B47909CA33A6D /* BarlowCondensed-Black.otf */,
				B65F334270EE4EE29DA180EB /* barlowcondensed-blackitalic.otf */,
				B50589F2D27C405ABFA14E9C /* BarlowCondensed-Bold.otf */,
				2DF717837B9D4BB096BE4C5F /* BarlowCondensed-BoldItalic.otf */,
				A5F7EAF9B54A46C8BB8EAD8F /* BarlowCondensed-ExtraBold.otf */,
				55645A9488C944DA9BEF262C /* BarlowCondensed-ExtraBoldItalic.otf */,
				81F03B8623A843629E5365A2 /* BarlowCondensed-ExtraLight.otf */,
				3F8F04C634E14D6781DF3443 /* BarlowCondensed-ExtraLightItalic.otf */,
				1355C982ED044B98ABD775B1 /* BarlowCondensed-Italic.otf */,
				F228B02D6E2548D3B62EBC11 /* BarlowCondensed-Light.otf */,
				AA5F6F6B043E464193D57B46 /* BarlowCondensed-LightItalic.otf */,
				A5A4DD3C120441DEBC7C28BA /* BarlowCondensed-Medium.otf */,
				4B23B23F749245DDA8BA10BF /* BarlowCondensed-MediumItalic.otf */,
				7D8918266551411FADFAE84B /* BarlowCondensed-Regular.otf */,
				A2963869CBE74E9EBF56669A /* BarlowCondensed-SemiBold.otf */,
				A05C4554132A47C292312140 /* BarlowCondensed-SemiBoldItalic.otf */,
				45DBFFABEAEF4BDDA88B381C /* BarlowCondensed-Thin.otf */,
				756548C64097404FA7D287A4 /* BarlowCondensed-ThinItalic.otf */,
				D6CCFE017835440792FCB819 /* BarlowSemiCondensed-Black.otf */,
				CD435F8DF33E4A0D903CF670 /* BarlowSemiCondensed-BlackItalic.otf */,
				1833ADAD968340588FC2D6B9 /* BarlowSemiCondensed-Bold.otf */,
				8EB431722F714B56B94810E3 /* BarlowSemiCondensed-BoldItalic.otf */,
				F5C4CA65EA994CE58162301C /* barlowsemicondensed-extrabold.otf */,
				6A817FC4395D4BC6959549A4 /* BarlowSemiCondensed-ExtraBoldItalic.otf */,
				930834B4752C4C6794597E0A /* BarlowSemiCondensed-ExtraLight.otf */,
				BC89E96542284CB48C5C4359 /* barlowsemicondensed-extralightitalic.otf */,
				B5789DA5F97448EE865D8CAC /* barlowsemicondensed-italic.otf */,
				B429F937025945B19B25EC27 /* barlowsemicondensed-light.otf */,
				B3EE884451A1454DA0C6AF58 /* BarlowSemiCondensed-LightItalic.otf */,
				FDEBBAEE44EA4067BDAEF33E /* BarlowSemiCondensed-Medium.otf */,
				D83CB27266FA45CEA4C57696 /* barlowsemicondensed-mediumitalic.otf */,
				452F7DBF86D34563899E0C00 /* BarlowSemiCondensed-Regular.otf */,
				9753A59872174098836C7735 /* BarlowSemiCondensed-SemiBold.otf */,
				955E78DBBD184C8D915D76E4 /* BarlowSemiCondensed-SemiBoldItalic.otf */,
				51AD0C43160B4E1C9A582F52 /* barlowsemicondensed-thin.otf */,
				46E2FE825A1548ABB3FBAF4A /* barlowsemicondensed-thinitalic.otf */,
				276A294C6A4A401A91AD1FB4 /* Barlow-Italic.ttf */,
				72508B90A8AC46099569CACA /* RobotoMono-Regular.ttf */,
				572AB4BC65914A76B8A4A970 /* Pangram-Black.otf */,
				C4CDEEDA45F9482EBEC3397D /* Pangram-Bold.otf */,
				2D4FC982D5CC4EDB80545D03 /* Pangram-ExtraBold.otf */,
				8A0137FC129F42AB88EFD1FD /* Pangram-ExtraLight.otf */,
				93C041CF6D56485E90A069B1 /* Pangram-Light.otf */,
				C77A08BD81D24AFC94CB7498 /* Pangram-Medium.otf */,
				01C1D9B6082149EF8F3E7F07 /* Pangram-Regular.otf */,
			);
			name = Resources;
			sourceTree = "<group>";
		};
		A2DEC500237EB2FE002537E9 /* fonts */ = {
			isa = PBXGroup;
			children = (
				D84CC7892420E6DE001C3CA1 /* RobotoMono-Regular.ttf */,
				A2DEC50C237EB336002537E9 /* Barlow-Black.ttf */,
				A2DEC512237EB337002537E9 /* Barlow-BlackItalic.ttf */,
				A2DEC501237EB335002537E9 /* Barlow-Bold.ttf */,
				A2DEC505237EB336002537E9 /* Barlow-BoldItalic.ttf */,
				A2DEC50E237EB337002537E9 /* Barlow-ExtraBold.ttf */,
				A2DEC507237EB336002537E9 /* Barlow-ExtraBoldItalic.ttf */,
				A2DEC50D237EB336002537E9 /* Barlow-ExtraLight.ttf */,
				A2DEC506237EB336002537E9 /* Barlow-ExtraLightItalic.ttf */,
				A2DEC504237EB335002537E9 /* Barlow-Italic.ttf */,
				A2DEC510237EB337002537E9 /* Barlow-Light.ttf */,
				A2DEC50F237EB337002537E9 /* Barlow-LightItalic.ttf */,
				A2DEC50A237EB336002537E9 /* Barlow-Medium.ttf */,
				A2DEC511237EB337002537E9 /* Barlow-MediumItalic.ttf */,
				A2DEC508237EB336002537E9 /* Barlow-Regular.ttf */,
				A2DEC502237EB335002537E9 /* Barlow-SemiBold.ttf */,
				A2DEC503237EB335002537E9 /* Barlow-SemiBoldItalic.ttf */,
				A2DEC509237EB336002537E9 /* Barlow-Thin.ttf */,
				A2DEC50B237EB336002537E9 /* Barlow-ThinItalic.ttf */,
			);
			name = fonts;
			sourceTree = "<group>";
		};
/* End PBXGroup section */

/* Begin PBXNativeTarget section */
		00E356ED1AD99517003FC87E /* celsiusTests */ = {
			isa = PBXNativeTarget;
			buildConfigurationList = 00E357021AD99517003FC87E /* Build configuration list for PBXNativeTarget "celsiusTests" */;
			buildPhases = (
				F8B87A43E4BEBAF7D9733A77 /* [CP] Check Pods Manifest.lock */,
				00E356EA1AD99517003FC87E /* Sources */,
				00E356EB1AD99517003FC87E /* Frameworks */,
				00E356EC1AD99517003FC87E /* Resources */,
			);
			buildRules = (
			);
			dependencies = (
				00E356F51AD99517003FC87E /* PBXTargetDependency */,
			);
			name = celsiusTests;
			productName = celsiusTests;
			productReference = 00E356EE1AD99517003FC87E /* celsiusTests.xctest */;
			productType = "com.apple.product-type.bundle.unit-test";
		};
		13B07F861A680F5B00A75B9A /* celsius */ = {
			isa = PBXNativeTarget;
			buildConfigurationList = 13B07F931A680F5B00A75B9A /* Build configuration list for PBXNativeTarget "celsius" */;
			buildPhases = (
				FDBD15FD21A98C74688A2612 /* [CP] Check Pods Manifest.lock */,
				FD10A7F022414F080027D42C /* Start Packager */,
				13B07F871A680F5B00A75B9A /* Sources */,
				13B07F8C1A680F5B00A75B9A /* Frameworks */,
				13B07F8E1A680F5B00A75B9A /* Resources */,
				00DD1BFF1BD5951E006B06BC /* Bundle React Native code and images */,
				F9A5F394E7E855B2BE23E703 /* [CP] Copy Pods Resources */,
				4F2467EC03AD8686D101FEC1 /* [CP] Embed Pods Frameworks */,
			);
			buildRules = (
			);
			dependencies = (
			);
			name = celsius;
			productName = celsius;
			productReference = 13B07F961A680F5B00A75B9A /* celsius.app */;
			productType = "com.apple.product-type.application";
		};
		2D02E47A1E0B4A5D006451C7 /* celsius-tvOS */ = {
			isa = PBXNativeTarget;
			buildConfigurationList = 2D02E4BA1E0B4A5E006451C7 /* Build configuration list for PBXNativeTarget "celsius-tvOS" */;
			buildPhases = (
				A31201A712973DB1AAAA8306 /* [CP] Check Pods Manifest.lock */,
				FD10A7F122414F3F0027D42C /* Start Packager */,
				2D02E4771E0B4A5D006451C7 /* Sources */,
				2D02E4781E0B4A5D006451C7 /* Frameworks */,
				2D02E4791E0B4A5D006451C7 /* Resources */,
				2D02E4CB1E0B4B27006451C7 /* Bundle React Native Code And Images */,
			);
			buildRules = (
			);
			dependencies = (
			);
			name = "celsius-tvOS";
			productName = "celsius-tvOS";
			productReference = 2D02E47B1E0B4A5D006451C7 /* celsius-tvOS.app */;
			productType = "com.apple.product-type.application";
		};
		2D02E48F1E0B4A5D006451C7 /* celsius-tvOSTests */ = {
			isa = PBXNativeTarget;
			buildConfigurationList = 2D02E4BB1E0B4A5E006451C7 /* Build configuration list for PBXNativeTarget "celsius-tvOSTests" */;
			buildPhases = (
				FAC8F454C76B8D915F10839F /* [CP] Check Pods Manifest.lock */,
				2D02E48C1E0B4A5D006451C7 /* Sources */,
				2D02E48D1E0B4A5D006451C7 /* Frameworks */,
				2D02E48E1E0B4A5D006451C7 /* Resources */,
			);
			buildRules = (
			);
			dependencies = (
				2D02E4921E0B4A5D006451C7 /* PBXTargetDependency */,
			);
			name = "celsius-tvOSTests";
			productName = "celsius-tvOSTests";
			productReference = 2D02E4901E0B4A5D006451C7 /* celsius-tvOSTests.xctest */;
			productType = "com.apple.product-type.bundle.unit-test";
		};
/* End PBXNativeTarget section */

/* Begin PBXProject section */
		83CBB9F71A601CBA00E9B192 /* Project object */ = {
			isa = PBXProject;
			attributes = {
				LastUpgradeCheck = 940;
				ORGANIZATIONNAME = Facebook;
				TargetAttributes = {
					00E356ED1AD99517003FC87E = {
						CreatedOnToolsVersion = 6.2;
						DevelopmentTeam = TMJP5LTB5N;
						ProvisioningStyle = Manual;
						TestTargetID = 13B07F861A680F5B00A75B9A;
					};
					13B07F861A680F5B00A75B9A = {
						DevelopmentTeam = TMJP5LTB5N;
						LastSwiftMigration = 1160;
					};
					2D02E47A1E0B4A5D006451C7 = {
						CreatedOnToolsVersion = 8.2.1;
						ProvisioningStyle = Automatic;
					};
					2D02E48F1E0B4A5D006451C7 = {
						CreatedOnToolsVersion = 8.2.1;
						ProvisioningStyle = Automatic;
						TestTargetID = 2D02E47A1E0B4A5D006451C7;
					};
				};
			};
			buildConfigurationList = 83CBB9FA1A601CBA00E9B192 /* Build configuration list for PBXProject "celsius" */;
			compatibilityVersion = "Xcode 3.2";
			developmentRegion = English;
			hasScannedForEncodings = 0;
			knownRegions = (
				English,
				en,
				Base,
			);
			mainGroup = 83CBB9F61A601CBA00E9B192;
			productRefGroup = 83CBBA001A601CBA00E9B192 /* Products */;
			projectDirPath = "";
			projectReferences = (
				{
					ProductGroup = 2CA1EC3D252771D400FD3549 /* Products */;
					ProjectRef = 2CA1EC3C252771D400FD3549 /* RCTDeviceUUID.xcodeproj */;
				},
			);
			projectRoot = "";
			targets = (
				13B07F861A680F5B00A75B9A /* celsius */,
				00E356ED1AD99517003FC87E /* celsiusTests */,
				2D02E47A1E0B4A5D006451C7 /* celsius-tvOS */,
				2D02E48F1E0B4A5D006451C7 /* celsius-tvOSTests */,
			);
		};
/* End PBXProject section */

/* Begin PBXReferenceProxy section */
		2CA1EC41252771D400FD3549 /* libRCTDeviceUUID.a */ = {
			isa = PBXReferenceProxy;
			fileType = archive.ar;
			path = libRCTDeviceUUID.a;
			remoteRef = 2CA1EC40252771D400FD3549 /* PBXContainerItemProxy */;
			sourceTree = BUILT_PRODUCTS_DIR;
		};
/* End PBXReferenceProxy section */

/* Begin PBXResourcesBuildPhase section */
		00E356EC1AD99517003FC87E /* Resources */ = {
			isa = PBXResourcesBuildPhase;
			buildActionMask = 2147483647;
			files = (
			);
			runOnlyForDeploymentPostprocessing = 0;
		};
		13B07F8E1A680F5B00A75B9A /* Resources */ = {
			isa = PBXResourcesBuildPhase;
			buildActionMask = 2147483647;
			files = (
				13B07FBF1A68108700A75B9A /* Images.xcassets in Resources */,
				A2DEC515237EB337002537E9 /* Barlow-SemiBoldItalic.ttf in Resources */,
				A2DEC51A237EB337002537E9 /* Barlow-Regular.ttf in Resources */,
				13B07FBD1A68108700A75B9A /* LaunchScreen.xib in Resources */,
				A2DEC519237EB337002537E9 /* Barlow-ExtraBoldItalic.ttf in Resources */,
				A2DEC51F237EB337002537E9 /* Barlow-ExtraLight.ttf in Resources */,
				A2DEC514237EB337002537E9 /* Barlow-SemiBold.ttf in Resources */,
				A2DEC51B237EB337002537E9 /* Barlow-Thin.ttf in Resources */,
				A2DEC517237EB337002537E9 /* Barlow-BoldItalic.ttf in Resources */,
				A2DEC524237EB337002537E9 /* Barlow-BlackItalic.ttf in Resources */,
				A2DEC520237EB337002537E9 /* Barlow-ExtraBold.ttf in Resources */,
				A2DEC51D237EB337002537E9 /* Barlow-ThinItalic.ttf in Resources */,
				A2DEC51E237EB337002537E9 /* Barlow-Black.ttf in Resources */,
				A2DEC518237EB337002537E9 /* Barlow-ExtraLightItalic.ttf in Resources */,
				A2DEC513237EB337002537E9 /* Barlow-Bold.ttf in Resources */,
				A2DEC522237EB337002537E9 /* Barlow-Light.ttf in Resources */,
				A2DEC51C237EB337002537E9 /* Barlow-Medium.ttf in Resources */,
				A2DEC521237EB337002537E9 /* Barlow-LightItalic.ttf in Resources */,
				A2DEC523237EB337002537E9 /* Barlow-MediumItalic.ttf in Resources */,
				A2DEC516237EB337002537E9 /* Barlow-Italic.ttf in Resources */,
				A2FC8110239E50E400193CE5 /* GoogleService-Info.plist in Resources */,
				B8E5CAB5B6414D9C81ACC067 /* Barlow-Black.ttf in Resources */,
				EE82573E88C24602A9182486 /* Barlow-BlackItalic.ttf in Resources */,
				841A51B785764405801AA10A /* Barlow-Bold.ttf in Resources */,
				5680BD5700F54E60AC48A60E /* Barlow-BoldItalic.ttf in Resources */,
				8FC515B910C7462E83008115 /* Barlow-ExtraBold.ttf in Resources */,
				8AEDC981CD3D405E95FE2F66 /* Barlow-ExtraBoldItalic.ttf in Resources */,
				6DF48B2F05844AAA8E882245 /* Barlow-ExtraLight.ttf in Resources */,
				2AE8F293C9534CD981F88954 /* Barlow-ExtraLightItalic.ttf in Resources */,
				904F65FCFB464E57B32D574C /* Barlow-Light.ttf in Resources */,
				3B8C6749786B4A5CA0B9F6DF /* Barlow-LightItalic.ttf in Resources */,
				54E24363361E4D62B7189DAF /* Barlow-Medium.ttf in Resources */,
				B269EDA9437D4215BBA3DA17 /* Barlow-MediumItalic.ttf in Resources */,
				9ECF9A726F414FC8B4253189 /* Barlow-Regular.ttf in Resources */,
				7BE6B5FACB404EC088718E70 /* Barlow-RegularItalic.ttf in Resources */,
				25D2D68315084CD48AEB2F05 /* Barlow-SemiBold.ttf in Resources */,
				E1A063A16CD9453AB1B92F7C /* Barlow-SemiBoldItalic.ttf in Resources */,
				93245EC12C5F4ED3BFA42DFF /* Barlow-Thin.ttf in Resources */,
				62480C636359440AB86AB5C9 /* Barlow-ThinItalic.ttf in Resources */,
				D6443924C0B0422EA1911D0F /* BarlowCondensed-Black.otf in Resources */,
				CAAEF40D86584961BBC42764 /* barlowcondensed-blackitalic.otf in Resources */,
				50300BEF362F48B2A5D5E6DE /* BarlowCondensed-Bold.otf in Resources */,
				0F0483E044BF4C65A4EF1093 /* BarlowCondensed-BoldItalic.otf in Resources */,
				DDD6FE573C7B4FC880CFD79D /* BarlowCondensed-ExtraBold.otf in Resources */,
				C79275FD5C1E4EE2A1DC7D7C /* BarlowCondensed-ExtraBoldItalic.otf in Resources */,
				980420D4D4354166B894AE06 /* BarlowCondensed-ExtraLight.otf in Resources */,
				3CF2C6A9F9DB4C33B9DC2919 /* BarlowCondensed-ExtraLightItalic.otf in Resources */,
				D84CC78A2420E6DE001C3CA1 /* RobotoMono-Regular.ttf in Resources */,
				00FA003B8D42412C99110209 /* BarlowCondensed-Italic.otf in Resources */,
				0FF059EC58B94ACFB354BAA7 /* BarlowCondensed-Light.otf in Resources */,
				14E717B4995347119BEFCE42 /* BarlowCondensed-LightItalic.otf in Resources */,
				7C2A48CDEEA94FDEB115B2E4 /* BarlowCondensed-Medium.otf in Resources */,
				70DBC614B7094006B00AB8B4 /* BarlowCondensed-MediumItalic.otf in Resources */,
				EED53A0E1C5C4EBD9BAD353B /* BarlowCondensed-Regular.otf in Resources */,
				80C0F5E3C8F642E0B1C64B1F /* BarlowCondensed-SemiBold.otf in Resources */,
				6AEAD0E6E64444CC9B78A732 /* BarlowCondensed-SemiBoldItalic.otf in Resources */,
				FA03D02376E749C5A8529DD8 /* BarlowCondensed-Thin.otf in Resources */,
				5BAA1AA02013442C9CC42A3E /* BarlowCondensed-ThinItalic.otf in Resources */,
				EA73D1F773BA44CA9AE36CB5 /* BarlowSemiCondensed-Black.otf in Resources */,
				290426F05B6C4CB7AE76250D /* BarlowSemiCondensed-BlackItalic.otf in Resources */,
				4B4FCFB4198148CABB57CFA3 /* BarlowSemiCondensed-Bold.otf in Resources */,
				32A06775BCE24E7BB2F36208 /* BarlowSemiCondensed-BoldItalic.otf in Resources */,
				23491DD7ABF8431A862B12E2 /* barlowsemicondensed-extrabold.otf in Resources */,
				693F5DCE3ED947EDB37FB55B /* BarlowSemiCondensed-ExtraBoldItalic.otf in Resources */,
				A7C98E0816A44414BE281CA2 /* BarlowSemiCondensed-ExtraLight.otf in Resources */,
				B7B5EE93555F46408BB57236 /* barlowsemicondensed-extralightitalic.otf in Resources */,
				0638ED0D5E1B499180899862 /* barlowsemicondensed-italic.otf in Resources */,
				0AC25967BA2244B3887D6A9D /* barlowsemicondensed-light.otf in Resources */,
				971B8F5EE24B4D52B9A141E5 /* BarlowSemiCondensed-LightItalic.otf in Resources */,
				B3140E49E42646769E0B1548 /* BarlowSemiCondensed-Medium.otf in Resources */,
				16CC266BC4D8461E839542C0 /* barlowsemicondensed-mediumitalic.otf in Resources */,
				6EC955F7F8484AE0BFE840FF /* BarlowSemiCondensed-Regular.otf in Resources */,
				AE3A3870450843E08673D30D /* BarlowSemiCondensed-SemiBold.otf in Resources */,
				CC7FB0B6A5D84EB09AB35922 /* BarlowSemiCondensed-SemiBoldItalic.otf in Resources */,
				F94092EFA7914928BD80037F /* barlowsemicondensed-thin.otf in Resources */,
				32973A53DE7E47E5A85CED91 /* barlowsemicondensed-thinitalic.otf in Resources */,
				F0D65E390CC74DD4A6936C2C /* Barlow-Italic.ttf in Resources */,
				9583D816B92C4929AE141EA0 /* RobotoMono-Regular.ttf in Resources */,
				C571C83020754654B80BFAA5 /* Pangram-Black.otf in Resources */,
				3F003945A801426E8FA08473 /* Pangram-Bold.otf in Resources */,
				8BFD480B8A6044E38F47B493 /* Pangram-ExtraBold.otf in Resources */,
				E3AB9D05C61146ECBCDB1BC4 /* Pangram-ExtraLight.otf in Resources */,
				CE3BEBDC83F5402B8B411FE8 /* Pangram-Light.otf in Resources */,
				20580DE4C4E54C1AA4A5B457 /* Pangram-Medium.otf in Resources */,
				CB2FB45D261F47CDBE27F4D7 /* Pangram-Regular.otf in Resources */,
			);
			runOnlyForDeploymentPostprocessing = 0;
		};
		2D02E4791E0B4A5D006451C7 /* Resources */ = {
			isa = PBXResourcesBuildPhase;
			buildActionMask = 2147483647;
			files = (
				2D02E4BD1E0B4A84006451C7 /* Images.xcassets in Resources */,
			);
			runOnlyForDeploymentPostprocessing = 0;
		};
		2D02E48E1E0B4A5D006451C7 /* Resources */ = {
			isa = PBXResourcesBuildPhase;
			buildActionMask = 2147483647;
			files = (
			);
			runOnlyForDeploymentPostprocessing = 0;
		};
/* End PBXResourcesBuildPhase section */

/* Begin PBXShellScriptBuildPhase section */
		00DD1BFF1BD5951E006B06BC /* Bundle React Native code and images */ = {
			isa = PBXShellScriptBuildPhase;
			buildActionMask = 2147483647;
			files = (
			);
			inputPaths = (
			);
			name = "Bundle React Native code and images";
			outputPaths = (
			);
			runOnlyForDeploymentPostprocessing = 0;
			shellPath = /bin/sh;
			shellScript = "export NODE_BINARY=node\n../node_modules/react-native/scripts/react-native-xcode.sh\n";
		};
		2D02E4CB1E0B4B27006451C7 /* Bundle React Native Code And Images */ = {
			isa = PBXShellScriptBuildPhase;
			buildActionMask = 2147483647;
			files = (
			);
			inputPaths = (
			);
			name = "Bundle React Native Code And Images";
			outputPaths = (
			);
			runOnlyForDeploymentPostprocessing = 0;
			shellPath = /bin/sh;
			shellScript = "export NODE_BINARY=node\n../node_modules/react-native/scripts/react-native-xcode.sh";
		};
		4F2467EC03AD8686D101FEC1 /* [CP] Embed Pods Frameworks */ = {
			isa = PBXShellScriptBuildPhase;
			buildActionMask = 2147483647;
			files = (
			);
			inputPaths = (
				"${PODS_ROOT}/Target Support Files/Pods-celsius/Pods-celsius-frameworks.sh",
				"${PODS_ROOT}/Onfido/Onfido.framework",
			);
			name = "[CP] Embed Pods Frameworks";
			outputPaths = (
				"${TARGET_BUILD_DIR}/${FRAMEWORKS_FOLDER_PATH}/Onfido.framework",
			);
			runOnlyForDeploymentPostprocessing = 0;
			shellPath = /bin/sh;
			shellScript = "\"${PODS_ROOT}/Target Support Files/Pods-celsius/Pods-celsius-frameworks.sh\"\n";
			showEnvVarsInLog = 0;
		};
		A31201A712973DB1AAAA8306 /* [CP] Check Pods Manifest.lock */ = {
			isa = PBXShellScriptBuildPhase;
			buildActionMask = 2147483647;
			files = (
			);
			inputFileListPaths = (
			);
			inputPaths = (
				"${PODS_PODFILE_DIR_PATH}/Podfile.lock",
				"${PODS_ROOT}/Manifest.lock",
			);
			name = "[CP] Check Pods Manifest.lock";
			outputFileListPaths = (
			);
			outputPaths = (
				"$(DERIVED_FILE_DIR)/Pods-celsius-tvOS-checkManifestLockResult.txt",
			);
			runOnlyForDeploymentPostprocessing = 0;
			shellPath = /bin/sh;
			shellScript = "diff \"${PODS_PODFILE_DIR_PATH}/Podfile.lock\" \"${PODS_ROOT}/Manifest.lock\" > /dev/null\nif [ $? != 0 ] ; then\n    # print error to STDERR\n    echo \"error: The sandbox is not in sync with the Podfile.lock. Run 'pod install' or update your CocoaPods installation.\" >&2\n    exit 1\nfi\n# This output is used by Xcode 'outputs' to avoid re-running this script phase.\necho \"SUCCESS\" > \"${SCRIPT_OUTPUT_FILE_0}\"\n";
			showEnvVarsInLog = 0;
		};
		F8B87A43E4BEBAF7D9733A77 /* [CP] Check Pods Manifest.lock */ = {
			isa = PBXShellScriptBuildPhase;
			buildActionMask = 2147483647;
			files = (
			);
			inputFileListPaths = (
			);
			inputPaths = (
				"${PODS_PODFILE_DIR_PATH}/Podfile.lock",
				"${PODS_ROOT}/Manifest.lock",
			);
			name = "[CP] Check Pods Manifest.lock";
			outputFileListPaths = (
			);
			outputPaths = (
				"$(DERIVED_FILE_DIR)/Pods-celsiusTests-checkManifestLockResult.txt",
			);
			runOnlyForDeploymentPostprocessing = 0;
			shellPath = /bin/sh;
			shellScript = "diff \"${PODS_PODFILE_DIR_PATH}/Podfile.lock\" \"${PODS_ROOT}/Manifest.lock\" > /dev/null\nif [ $? != 0 ] ; then\n    # print error to STDERR\n    echo \"error: The sandbox is not in sync with the Podfile.lock. Run 'pod install' or update your CocoaPods installation.\" >&2\n    exit 1\nfi\n# This output is used by Xcode 'outputs' to avoid re-running this script phase.\necho \"SUCCESS\" > \"${SCRIPT_OUTPUT_FILE_0}\"\n";
			showEnvVarsInLog = 0;
		};
		F9A5F394E7E855B2BE23E703 /* [CP] Copy Pods Resources */ = {
			isa = PBXShellScriptBuildPhase;
			buildActionMask = 2147483647;
			files = (
			);
			inputPaths = (
				"${PODS_ROOT}/Target Support Files/Pods-celsius/Pods-celsius-resources.sh",
				"${PODS_ROOT}/FBSDKCoreKit/FacebookSDKStrings.bundle",
				"${PODS_ROOT}/GoogleSignIn/Resources/GoogleSignIn.bundle",
				"${PODS_ROOT}/Mixpanel/Mixpanel/Images/MPArrowLeft.png",
				"${PODS_ROOT}/Mixpanel/Mixpanel/Images/MPArrowLeft@2x.png",
				"${PODS_ROOT}/Mixpanel/Mixpanel/Images/MPArrowRight.png",
				"${PODS_ROOT}/Mixpanel/Mixpanel/Images/MPArrowRight@2x.png",
				"${PODS_ROOT}/Mixpanel/Mixpanel/Images/MPCheckmark.png",
				"${PODS_ROOT}/Mixpanel/Mixpanel/Images/MPCheckmark@2x.png",
				"${PODS_ROOT}/Mixpanel/Mixpanel/Images/MPCloseButton.png",
				"${PODS_ROOT}/Mixpanel/Mixpanel/Images/MPCloseButton@2x.png",
				"${PODS_ROOT}/Mixpanel/Mixpanel/Images/MPCloseButton@3x.png",
				"${PODS_ROOT}/Mixpanel/Mixpanel/Images/MPDismissKeyboard.png",
				"${PODS_ROOT}/Mixpanel/Mixpanel/Images/MPDismissKeyboard@2x.png",
				"${PODS_ROOT}/Mixpanel/Mixpanel/Images/MPLogo.png",
				"${PODS_ROOT}/Mixpanel/Mixpanel/Images/MPLogo@2x.png",
				"${PODS_ROOT}/Mixpanel/Mixpanel/Images/placeholder-image.png",
				"${PODS_ROOT}/Mixpanel/Mixpanel/MPTakeoverNotificationViewController~ipad.xib",
				"${PODS_ROOT}/Mixpanel/Mixpanel/MPTakeoverNotificationViewController~iphonelandscape.xib",
				"${PODS_ROOT}/Mixpanel/Mixpanel/MPTakeoverNotificationViewController~iphoneportrait.xib",
				"${PODS_CONFIGURATION_BUILD_DIR}/QBImagePickerController/QBImagePicker.bundle",
				"${PODS_ROOT}/RSKImageCropper/RSKImageCropper/RSKImageCropperStrings.bundle",
			);
			name = "[CP] Copy Pods Resources";
			outputPaths = (
				"${TARGET_BUILD_DIR}/${UNLOCALIZED_RESOURCES_FOLDER_PATH}/FacebookSDKStrings.bundle",
				"${TARGET_BUILD_DIR}/${UNLOCALIZED_RESOURCES_FOLDER_PATH}/GoogleSignIn.bundle",
				"${TARGET_BUILD_DIR}/${UNLOCALIZED_RESOURCES_FOLDER_PATH}/MPArrowLeft.png",
				"${TARGET_BUILD_DIR}/${UNLOCALIZED_RESOURCES_FOLDER_PATH}/MPArrowLeft@2x.png",
				"${TARGET_BUILD_DIR}/${UNLOCALIZED_RESOURCES_FOLDER_PATH}/MPArrowRight.png",
				"${TARGET_BUILD_DIR}/${UNLOCALIZED_RESOURCES_FOLDER_PATH}/MPArrowRight@2x.png",
				"${TARGET_BUILD_DIR}/${UNLOCALIZED_RESOURCES_FOLDER_PATH}/MPCheckmark.png",
				"${TARGET_BUILD_DIR}/${UNLOCALIZED_RESOURCES_FOLDER_PATH}/MPCheckmark@2x.png",
				"${TARGET_BUILD_DIR}/${UNLOCALIZED_RESOURCES_FOLDER_PATH}/MPCloseButton.png",
				"${TARGET_BUILD_DIR}/${UNLOCALIZED_RESOURCES_FOLDER_PATH}/MPCloseButton@2x.png",
				"${TARGET_BUILD_DIR}/${UNLOCALIZED_RESOURCES_FOLDER_PATH}/MPCloseButton@3x.png",
				"${TARGET_BUILD_DIR}/${UNLOCALIZED_RESOURCES_FOLDER_PATH}/MPDismissKeyboard.png",
				"${TARGET_BUILD_DIR}/${UNLOCALIZED_RESOURCES_FOLDER_PATH}/MPDismissKeyboard@2x.png",
				"${TARGET_BUILD_DIR}/${UNLOCALIZED_RESOURCES_FOLDER_PATH}/MPLogo.png",
				"${TARGET_BUILD_DIR}/${UNLOCALIZED_RESOURCES_FOLDER_PATH}/MPLogo@2x.png",
				"${TARGET_BUILD_DIR}/${UNLOCALIZED_RESOURCES_FOLDER_PATH}/placeholder-image.png",
				"${TARGET_BUILD_DIR}/${UNLOCALIZED_RESOURCES_FOLDER_PATH}/MPTakeoverNotificationViewController~ipad.nib",
				"${TARGET_BUILD_DIR}/${UNLOCALIZED_RESOURCES_FOLDER_PATH}/MPTakeoverNotificationViewController~iphonelandscape.nib",
				"${TARGET_BUILD_DIR}/${UNLOCALIZED_RESOURCES_FOLDER_PATH}/MPTakeoverNotificationViewController~iphoneportrait.nib",
				"${TARGET_BUILD_DIR}/${UNLOCALIZED_RESOURCES_FOLDER_PATH}/QBImagePicker.bundle",
				"${TARGET_BUILD_DIR}/${UNLOCALIZED_RESOURCES_FOLDER_PATH}/RSKImageCropperStrings.bundle",
			);
			runOnlyForDeploymentPostprocessing = 0;
			shellPath = /bin/sh;
			shellScript = "\"${PODS_ROOT}/Target Support Files/Pods-celsius/Pods-celsius-resources.sh\"\n";
			showEnvVarsInLog = 0;
		};
		FAC8F454C76B8D915F10839F /* [CP] Check Pods Manifest.lock */ = {
			isa = PBXShellScriptBuildPhase;
			buildActionMask = 2147483647;
			files = (
			);
			inputFileListPaths = (
			);
			inputPaths = (
				"${PODS_PODFILE_DIR_PATH}/Podfile.lock",
				"${PODS_ROOT}/Manifest.lock",
			);
			name = "[CP] Check Pods Manifest.lock";
			outputFileListPaths = (
			);
			outputPaths = (
				"$(DERIVED_FILE_DIR)/Pods-celsius-tvOSTests-checkManifestLockResult.txt",
			);
			runOnlyForDeploymentPostprocessing = 0;
			shellPath = /bin/sh;
			shellScript = "diff \"${PODS_PODFILE_DIR_PATH}/Podfile.lock\" \"${PODS_ROOT}/Manifest.lock\" > /dev/null\nif [ $? != 0 ] ; then\n    # print error to STDERR\n    echo \"error: The sandbox is not in sync with the Podfile.lock. Run 'pod install' or update your CocoaPods installation.\" >&2\n    exit 1\nfi\n# This output is used by Xcode 'outputs' to avoid re-running this script phase.\necho \"SUCCESS\" > \"${SCRIPT_OUTPUT_FILE_0}\"\n";
			showEnvVarsInLog = 0;
		};
		FD10A7F022414F080027D42C /* Start Packager */ = {
			isa = PBXShellScriptBuildPhase;
			buildActionMask = 2147483647;
			files = (
			);
			inputFileListPaths = (
			);
			inputPaths = (
			);
			name = "Start Packager";
			outputFileListPaths = (
			);
			outputPaths = (
			);
			runOnlyForDeploymentPostprocessing = 0;
			shellPath = /bin/sh;
			shellScript = "export RCT_METRO_PORT=\"${RCT_METRO_PORT:=8081}\"\necho \"export RCT_METRO_PORT=${RCT_METRO_PORT}\" > \"${SRCROOT}/../node_modules/react-native/scripts/.packager.env\"\nif [ -z \"${RCT_NO_LAUNCH_PACKAGER+xxx}\" ] ; then\n  if nc -w 5 -z localhost ${RCT_METRO_PORT} ; then\n    if ! curl -s \"http://localhost:${RCT_METRO_PORT}/status\" | grep -q \"packager-status:running\" ; then\n      echo \"Port ${RCT_METRO_PORT} already in use, packager is either not running or not running correctly\"\n      exit 2\n    fi\n  else\n    open \"$SRCROOT/../node_modules/react-native/scripts/launchPackager.command\" || echo \"Can't start packager automatically\"\n  fi\nfi\n";
			showEnvVarsInLog = 0;
		};
		FD10A7F122414F3F0027D42C /* Start Packager */ = {
			isa = PBXShellScriptBuildPhase;
			buildActionMask = 2147483647;
			files = (
			);
			inputFileListPaths = (
			);
			inputPaths = (
			);
			name = "Start Packager";
			outputFileListPaths = (
			);
			outputPaths = (
			);
			runOnlyForDeploymentPostprocessing = 0;
			shellPath = /bin/sh;
			shellScript = "export RCT_METRO_PORT=\"${RCT_METRO_PORT:=8081}\"\necho \"export RCT_METRO_PORT=${RCT_METRO_PORT}\" > \"${SRCROOT}/../node_modules/react-native/scripts/.packager.env\"\nif [ -z \"${RCT_NO_LAUNCH_PACKAGER+xxx}\" ] ; then\n  if nc -w 5 -z localhost ${RCT_METRO_PORT} ; then\n    if ! curl -s \"http://localhost:${RCT_METRO_PORT}/status\" | grep -q \"packager-status:running\" ; then\n      echo \"Port ${RCT_METRO_PORT} already in use, packager is either not running or not running correctly\"\n      exit 2\n    fi\n  else\n    open \"$SRCROOT/../node_modules/react-native/scripts/launchPackager.command\" || echo \"Can't start packager automatically\"\n  fi\nfi\n";
			showEnvVarsInLog = 0;
		};
		FDBD15FD21A98C74688A2612 /* [CP] Check Pods Manifest.lock */ = {
			isa = PBXShellScriptBuildPhase;
			buildActionMask = 2147483647;
			files = (
			);
			inputFileListPaths = (
			);
			inputPaths = (
				"${PODS_PODFILE_DIR_PATH}/Podfile.lock",
				"${PODS_ROOT}/Manifest.lock",
			);
			name = "[CP] Check Pods Manifest.lock";
			outputFileListPaths = (
			);
			outputPaths = (
				"$(DERIVED_FILE_DIR)/Pods-celsius-checkManifestLockResult.txt",
			);
			runOnlyForDeploymentPostprocessing = 0;
			shellPath = /bin/sh;
			shellScript = "diff \"${PODS_PODFILE_DIR_PATH}/Podfile.lock\" \"${PODS_ROOT}/Manifest.lock\" > /dev/null\nif [ $? != 0 ] ; then\n    # print error to STDERR\n    echo \"error: The sandbox is not in sync with the Podfile.lock. Run 'pod install' or update your CocoaPods installation.\" >&2\n    exit 1\nfi\n# This output is used by Xcode 'outputs' to avoid re-running this script phase.\necho \"SUCCESS\" > \"${SCRIPT_OUTPUT_FILE_0}\"\n";
			showEnvVarsInLog = 0;
		};
/* End PBXShellScriptBuildPhase section */

/* Begin PBXSourcesBuildPhase section */
		00E356EA1AD99517003FC87E /* Sources */ = {
			isa = PBXSourcesBuildPhase;
			buildActionMask = 2147483647;
			files = (
				00E356F31AD99517003FC87E /* celsiusTests.m in Sources */,
			);
			runOnlyForDeploymentPostprocessing = 0;
		};
		13B07F871A680F5B00A75B9A /* Sources */ = {
			isa = PBXSourcesBuildPhase;
			buildActionMask = 2147483647;
			files = (
				1AFC218024D03ADE00C4C796 /* SwiftVersion.swift in Sources */,
				13B07FBC1A68108700A75B9A /* AppDelegate.m in Sources */,
				13B07FC11A68108700A75B9A /* main.m in Sources */,
				2CA1EC452528599500FD3549 /* UDID.m in Sources */,
			);
			runOnlyForDeploymentPostprocessing = 0;
		};
		2D02E4771E0B4A5D006451C7 /* Sources */ = {
			isa = PBXSourcesBuildPhase;
			buildActionMask = 2147483647;
			files = (
				2D02E4BF1E0B4AB3006451C7 /* main.m in Sources */,
				2D02E4BC1E0B4A80006451C7 /* AppDelegate.m in Sources */,
			);
			runOnlyForDeploymentPostprocessing = 0;
		};
		2D02E48C1E0B4A5D006451C7 /* Sources */ = {
			isa = PBXSourcesBuildPhase;
			buildActionMask = 2147483647;
			files = (
				2DCD954D1E0B4F2C00145EB5 /* celsiusTests.m in Sources */,
			);
			runOnlyForDeploymentPostprocessing = 0;
		};
/* End PBXSourcesBuildPhase section */

/* Begin PBXTargetDependency section */
		00E356F51AD99517003FC87E /* PBXTargetDependency */ = {
			isa = PBXTargetDependency;
			target = 13B07F861A680F5B00A75B9A /* celsius */;
			targetProxy = 00E356F41AD99517003FC87E /* PBXContainerItemProxy */;
		};
		2D02E4921E0B4A5D006451C7 /* PBXTargetDependency */ = {
			isa = PBXTargetDependency;
			target = 2D02E47A1E0B4A5D006451C7 /* celsius-tvOS */;
			targetProxy = 2D02E4911E0B4A5D006451C7 /* PBXContainerItemProxy */;
		};
/* End PBXTargetDependency section */

/* Begin PBXVariantGroup section */
		13B07FB11A68108700A75B9A /* LaunchScreen.xib */ = {
			isa = PBXVariantGroup;
			children = (
				13B07FB21A68108700A75B9A /* Base */,
			);
			name = LaunchScreen.xib;
			path = celsius;
			sourceTree = "<group>";
		};
/* End PBXVariantGroup section */

/* Begin XCBuildConfiguration section */
		00E356F61AD99517003FC87E /* Debug */ = {
			isa = XCBuildConfiguration;
			baseConfigurationReference = FADB363041EB26CBFEADCFCC /* Pods-celsiusTests.debug.xcconfig */;
			buildSettings = {
				ALWAYS_EMBED_SWIFT_STANDARD_LIBRARIES = YES;
				BUNDLE_LOADER = "$(TEST_HOST)";
				CODE_SIGN_IDENTITY = "iPhone Developer";
				"CODE_SIGN_IDENTITY[sdk=macosx*]" = "Apple Development";
				CODE_SIGN_STYLE = Manual;
				DEVELOPMENT_TEAM = TMJP5LTB5N;
				GCC_PREPROCESSOR_DEFINITIONS = (
					"DEBUG=1",
					"$(inherited)",
				);
				HEADER_SEARCH_PATHS = "$(inherited)";
				INFOPLIST_FILE = celsiusTests/Info.plist;
				IPHONEOS_DEPLOYMENT_TARGET = 9.0;
				LD_RUNPATH_SEARCH_PATHS = "$(inherited) @executable_path/Frameworks @loader_path/Frameworks";
				OTHER_LDFLAGS = (
					"-ObjC",
					"-lc++",
					"$(inherited)",
				);
				PRODUCT_BUNDLE_IDENTIFIER = "org.reactjs.native.example.$(PRODUCT_NAME:rfc1034identifier)";
				PRODUCT_NAME = "$(TARGET_NAME)";
				PROVISIONING_PROFILE_SPECIFIER = "";
				"PROVISIONING_PROFILE_SPECIFIER[sdk=macosx*]" = "";
				TEST_HOST = "$(BUILT_PRODUCTS_DIR)/celsius.app/celsius";
			};
			name = Debug;
		};
		00E356F71AD99517003FC87E /* Release */ = {
			isa = XCBuildConfiguration;
			baseConfigurationReference = A002FA53CF7C86640560A008 /* Pods-celsiusTests.release.xcconfig */;
			buildSettings = {
				ALWAYS_EMBED_SWIFT_STANDARD_LIBRARIES = YES;
				BUNDLE_LOADER = "$(TEST_HOST)";
				CODE_SIGN_IDENTITY = "iPhone Developer";
				"CODE_SIGN_IDENTITY[sdk=macosx*]" = "Apple Development";
				CODE_SIGN_STYLE = Manual;
				COPY_PHASE_STRIP = NO;
				DEVELOPMENT_TEAM = TMJP5LTB5N;
				HEADER_SEARCH_PATHS = "$(inherited)";
				INFOPLIST_FILE = celsiusTests/Info.plist;
				IPHONEOS_DEPLOYMENT_TARGET = 9.0;
				LD_RUNPATH_SEARCH_PATHS = "$(inherited) @executable_path/Frameworks @loader_path/Frameworks";
				OTHER_LDFLAGS = (
					"-ObjC",
					"-lc++",
					"$(inherited)",
				);
				PRODUCT_BUNDLE_IDENTIFIER = "org.reactjs.native.example.$(PRODUCT_NAME:rfc1034identifier)";
				PRODUCT_NAME = "$(TARGET_NAME)";
				PROVISIONING_PROFILE_SPECIFIER = "";
				"PROVISIONING_PROFILE_SPECIFIER[sdk=macosx*]" = "";
				TEST_HOST = "$(BUILT_PRODUCTS_DIR)/celsius.app/celsius";
			};
			name = Release;
		};
		13B07F941A680F5B00A75B9A /* Debug */ = {
			isa = XCBuildConfiguration;
			baseConfigurationReference = 33A57E1E1BD7F5D3F72F1E88 /* Pods-celsius.debug.xcconfig */;
			buildSettings = {
				ASSETCATALOG_COMPILER_APPICON_NAME = AppIcon;
				CLANG_ENABLE_MODULES = YES;
				CODE_SIGN_ENTITLEMENTS = celsius/celsius.entitlements;
				CODE_SIGN_IDENTITY = "Apple Distribution";
				"CODE_SIGN_IDENTITY[sdk=iphoneos*]" = "iPhone Developer";
				CURRENT_PROJECT_VERSION = 54;
				DEAD_CODE_STRIPPING = NO;
				DEVELOPMENT_TEAM = TMJP5LTB5N;
				HEADER_SEARCH_PATHS = "$(inherited)";
				INFOPLIST_FILE = celsius/Info.plist;
				LD_RUNPATH_SEARCH_PATHS = "$(inherited) @executable_path/Frameworks";
				MARKETING_VERSION = 4.0.1;
				OTHER_LDFLAGS = (
					"$(inherited)",
					"-ObjC",
					"-lc++",
				);
				PRODUCT_BUNDLE_IDENTIFIER = network.celsius.wallet;
				PRODUCT_NAME = celsius;
				SWIFT_OBJC_BRIDGING_HEADER = "celsius-Bridging-Header.h";
				SWIFT_OPTIMIZATION_LEVEL = "-Onone";
				SWIFT_VERSION = 5.0;
				VERSIONING_SYSTEM = "apple-generic";
			};
			name = Debug;
		};
		13B07F951A680F5B00A75B9A /* Release */ = {
			isa = XCBuildConfiguration;
			baseConfigurationReference = 865E31541DAFA43F523953D7 /* Pods-celsius.release.xcconfig */;
			buildSettings = {
				ASSETCATALOG_COMPILER_APPICON_NAME = AppIcon;
				CLANG_ENABLE_MODULES = YES;
				CODE_SIGN_ENTITLEMENTS = celsius/celsius.entitlements;
				CODE_SIGN_IDENTITY = "Apple Distribution";
				"CODE_SIGN_IDENTITY[sdk=iphoneos*]" = "iPhone Developer";
				CURRENT_PROJECT_VERSION = 54;
				DEVELOPMENT_TEAM = TMJP5LTB5N;
				HEADER_SEARCH_PATHS = "$(inherited)";
				INFOPLIST_FILE = celsius/Info.plist;
				LD_RUNPATH_SEARCH_PATHS = "$(inherited) @executable_path/Frameworks";
				MARKETING_VERSION = 4.0.1;
				OTHER_LDFLAGS = (
					"$(inherited)",
					"-ObjC",
					"-lc++",
				);
				PRODUCT_BUNDLE_IDENTIFIER = network.celsius.wallet;
				PRODUCT_NAME = celsius;
				SWIFT_OBJC_BRIDGING_HEADER = "celsius-Bridging-Header.h";
				SWIFT_VERSION = 5.0;
				VERSIONING_SYSTEM = "apple-generic";
			};
			name = Release;
		};
		2D02E4971E0B4A5E006451C7 /* Debug */ = {
			isa = XCBuildConfiguration;
			baseConfigurationReference = FCC954AA1082BE58DE6ECA02 /* Pods-celsius-tvOS.debug.xcconfig */;
			buildSettings = {
				ASSETCATALOG_COMPILER_LAUNCHIMAGE_NAME = LaunchImage;
				CLANG_ANALYZER_NONNULL = YES;
				CLANG_WARN_DOCUMENTATION_COMMENTS = YES;
				CLANG_WARN_INFINITE_RECURSION = YES;
				CLANG_WARN_SUSPICIOUS_MOVE = YES;
				DEBUG_INFORMATION_FORMAT = dwarf;
				DEVELOPMENT_TEAM = "";
				ENABLE_TESTABILITY = YES;
				GCC_NO_COMMON_BLOCKS = YES;
				HEADER_SEARCH_PATHS = "$(inherited)";
				INFOPLIST_FILE = "celsius-tvOS/Info.plist";
				LD_RUNPATH_SEARCH_PATHS = "$(inherited) @executable_path/Frameworks";
				OTHER_LDFLAGS = (
					"$(inherited)",
					"-ObjC",
					"-lc++",
				);
				PRODUCT_BUNDLE_IDENTIFIER = "com.facebook.REACT.celsius-tvOS";
				PRODUCT_NAME = "$(TARGET_NAME)";
				SDKROOT = appletvos;
				TARGETED_DEVICE_FAMILY = 3;
				TVOS_DEPLOYMENT_TARGET = 9.2;
			};
			name = Debug;
		};
		2D02E4981E0B4A5E006451C7 /* Release */ = {
			isa = XCBuildConfiguration;
			baseConfigurationReference = 281D4E07A8D35935BA4AFE02 /* Pods-celsius-tvOS.release.xcconfig */;
			buildSettings = {
				ASSETCATALOG_COMPILER_LAUNCHIMAGE_NAME = LaunchImage;
				CLANG_ANALYZER_NONNULL = YES;
				CLANG_WARN_DOCUMENTATION_COMMENTS = YES;
				CLANG_WARN_INFINITE_RECURSION = YES;
				CLANG_WARN_SUSPICIOUS_MOVE = YES;
				COPY_PHASE_STRIP = NO;
				DEBUG_INFORMATION_FORMAT = "dwarf-with-dsym";
				DEVELOPMENT_TEAM = "";
				GCC_NO_COMMON_BLOCKS = YES;
				HEADER_SEARCH_PATHS = "$(inherited)";
				INFOPLIST_FILE = "celsius-tvOS/Info.plist";
				LD_RUNPATH_SEARCH_PATHS = "$(inherited) @executable_path/Frameworks";
				OTHER_LDFLAGS = (
					"$(inherited)",
					"-ObjC",
					"-lc++",
				);
				PRODUCT_BUNDLE_IDENTIFIER = "com.facebook.REACT.celsius-tvOS";
				PRODUCT_NAME = "$(TARGET_NAME)";
				SDKROOT = appletvos;
				TARGETED_DEVICE_FAMILY = 3;
				TVOS_DEPLOYMENT_TARGET = 9.2;
			};
			name = Release;
		};
		2D02E4991E0B4A5E006451C7 /* Debug */ = {
			isa = XCBuildConfiguration;
			baseConfigurationReference = BDD02D8639C2EF75B9184103 /* Pods-celsius-tvOSTests.debug.xcconfig */;
			buildSettings = {
				BUNDLE_LOADER = "$(TEST_HOST)";
				CLANG_ANALYZER_NONNULL = YES;
				CLANG_WARN_DOCUMENTATION_COMMENTS = YES;
				CLANG_WARN_INFINITE_RECURSION = YES;
				CLANG_WARN_SUSPICIOUS_MOVE = YES;
				DEBUG_INFORMATION_FORMAT = dwarf;
				DEVELOPMENT_TEAM = "";
				ENABLE_TESTABILITY = YES;
				GCC_NO_COMMON_BLOCKS = YES;
				HEADER_SEARCH_PATHS = "$(inherited)";
				INFOPLIST_FILE = "celsius-tvOSTests/Info.plist";
				LD_RUNPATH_SEARCH_PATHS = "$(inherited) @executable_path/Frameworks @loader_path/Frameworks";
				OTHER_LDFLAGS = (
					"$(inherited)",
					"-ObjC",
					"-lc++",
				);
				PRODUCT_BUNDLE_IDENTIFIER = "com.facebook.REACT.celsius-tvOSTests";
				PRODUCT_NAME = "$(TARGET_NAME)";
				SDKROOT = appletvos;
				TEST_HOST = "$(BUILT_PRODUCTS_DIR)/celsius-tvOS.app/celsius-tvOS";
				TVOS_DEPLOYMENT_TARGET = 10.1;
			};
			name = Debug;
		};
		2D02E49A1E0B4A5E006451C7 /* Release */ = {
			isa = XCBuildConfiguration;
			baseConfigurationReference = 47E46CE7DDE6D91E514610FE /* Pods-celsius-tvOSTests.release.xcconfig */;
			buildSettings = {
				BUNDLE_LOADER = "$(TEST_HOST)";
				CLANG_ANALYZER_NONNULL = YES;
				CLANG_WARN_DOCUMENTATION_COMMENTS = YES;
				CLANG_WARN_INFINITE_RECURSION = YES;
				CLANG_WARN_SUSPICIOUS_MOVE = YES;
				COPY_PHASE_STRIP = NO;
				DEBUG_INFORMATION_FORMAT = "dwarf-with-dsym";
				DEVELOPMENT_TEAM = "";
				GCC_NO_COMMON_BLOCKS = YES;
				HEADER_SEARCH_PATHS = "$(inherited)";
				INFOPLIST_FILE = "celsius-tvOSTests/Info.plist";
				LD_RUNPATH_SEARCH_PATHS = "$(inherited) @executable_path/Frameworks @loader_path/Frameworks";
				OTHER_LDFLAGS = (
					"$(inherited)",
					"-ObjC",
					"-lc++",
				);
				PRODUCT_BUNDLE_IDENTIFIER = "com.facebook.REACT.celsius-tvOSTests";
				PRODUCT_NAME = "$(TARGET_NAME)";
				SDKROOT = appletvos;
				TEST_HOST = "$(BUILT_PRODUCTS_DIR)/celsius-tvOS.app/celsius-tvOS";
				TVOS_DEPLOYMENT_TARGET = 10.1;
			};
			name = Release;
		};
		83CBBA201A601CBA00E9B192 /* Debug */ = {
			isa = XCBuildConfiguration;
			buildSettings = {
				ALWAYS_SEARCH_USER_PATHS = NO;
				CLANG_CXX_LANGUAGE_STANDARD = "gnu++0x";
				CLANG_CXX_LIBRARY = "libc++";
				CLANG_ENABLE_MODULES = YES;
				CLANG_ENABLE_OBJC_ARC = YES;
				CLANG_WARN_BLOCK_CAPTURE_AUTORELEASING = YES;
				CLANG_WARN_BOOL_CONVERSION = YES;
				CLANG_WARN_COMMA = YES;
				CLANG_WARN_CONSTANT_CONVERSION = YES;
				CLANG_WARN_DEPRECATED_OBJC_IMPLEMENTATIONS = YES;
				CLANG_WARN_DIRECT_OBJC_ISA_USAGE = YES_ERROR;
				CLANG_WARN_EMPTY_BODY = YES;
				CLANG_WARN_ENUM_CONVERSION = YES;
				CLANG_WARN_INFINITE_RECURSION = YES;
				CLANG_WARN_INT_CONVERSION = YES;
				CLANG_WARN_NON_LITERAL_NULL_CONVERSION = YES;
				CLANG_WARN_OBJC_IMPLICIT_RETAIN_SELF = YES;
				CLANG_WARN_OBJC_LITERAL_CONVERSION = YES;
				CLANG_WARN_OBJC_ROOT_CLASS = YES_ERROR;
				CLANG_WARN_RANGE_LOOP_ANALYSIS = YES;
				CLANG_WARN_STRICT_PROTOTYPES = YES;
				CLANG_WARN_SUSPICIOUS_MOVE = YES;
				CLANG_WARN_UNREACHABLE_CODE = YES;
				CLANG_WARN__DUPLICATE_METHOD_MATCH = YES;
				"CODE_SIGN_IDENTITY[sdk=iphoneos*]" = "iPhone Developer";
				COPY_PHASE_STRIP = NO;
				ENABLE_BITCODE = YES;
				ENABLE_STRICT_OBJC_MSGSEND = YES;
				ENABLE_TESTABILITY = YES;
				GCC_C_LANGUAGE_STANDARD = gnu99;
				GCC_DYNAMIC_NO_PIC = NO;
				GCC_NO_COMMON_BLOCKS = YES;
				GCC_OPTIMIZATION_LEVEL = 0;
				GCC_PREPROCESSOR_DEFINITIONS = (
					"DEBUG=1",
					"$(inherited)",
				);
				GCC_SYMBOLS_PRIVATE_EXTERN = NO;
				GCC_WARN_64_TO_32_BIT_CONVERSION = YES;
				GCC_WARN_ABOUT_RETURN_TYPE = YES_ERROR;
				GCC_WARN_UNDECLARED_SELECTOR = YES;
				GCC_WARN_UNINITIALIZED_AUTOS = YES_AGGRESSIVE;
				GCC_WARN_UNUSED_FUNCTION = YES;
				GCC_WARN_UNUSED_VARIABLE = YES;
				IPHONEOS_DEPLOYMENT_TARGET = 9.0;
				MTL_ENABLE_DEBUG_INFO = YES;
				ONLY_ACTIVE_ARCH = YES;
				SDKROOT = iphoneos;
			};
			name = Debug;
		};
		83CBBA211A601CBA00E9B192 /* Release */ = {
			isa = XCBuildConfiguration;
			buildSettings = {
				ALWAYS_SEARCH_USER_PATHS = NO;
				CLANG_CXX_LANGUAGE_STANDARD = "gnu++0x";
				CLANG_CXX_LIBRARY = "libc++";
				CLANG_ENABLE_MODULES = YES;
				CLANG_ENABLE_OBJC_ARC = YES;
				CLANG_WARN_BLOCK_CAPTURE_AUTORELEASING = YES;
				CLANG_WARN_BOOL_CONVERSION = YES;
				CLANG_WARN_COMMA = YES;
				CLANG_WARN_CONSTANT_CONVERSION = YES;
				CLANG_WARN_DEPRECATED_OBJC_IMPLEMENTATIONS = YES;
				CLANG_WARN_DIRECT_OBJC_ISA_USAGE = YES_ERROR;
				CLANG_WARN_EMPTY_BODY = YES;
				CLANG_WARN_ENUM_CONVERSION = YES;
				CLANG_WARN_INFINITE_RECURSION = YES;
				CLANG_WARN_INT_CONVERSION = YES;
				CLANG_WARN_NON_LITERAL_NULL_CONVERSION = YES;
				CLANG_WARN_OBJC_IMPLICIT_RETAIN_SELF = YES;
				CLANG_WARN_OBJC_LITERAL_CONVERSION = YES;
				CLANG_WARN_OBJC_ROOT_CLASS = YES_ERROR;
				CLANG_WARN_RANGE_LOOP_ANALYSIS = YES;
				CLANG_WARN_STRICT_PROTOTYPES = YES;
				CLANG_WARN_SUSPICIOUS_MOVE = YES;
				CLANG_WARN_UNREACHABLE_CODE = YES;
				CLANG_WARN__DUPLICATE_METHOD_MATCH = YES;
				"CODE_SIGN_IDENTITY[sdk=iphoneos*]" = "iPhone Developer";
				COPY_PHASE_STRIP = YES;
				ENABLE_BITCODE = YES;
				ENABLE_NS_ASSERTIONS = NO;
				ENABLE_STRICT_OBJC_MSGSEND = YES;
				GCC_C_LANGUAGE_STANDARD = gnu99;
				GCC_NO_COMMON_BLOCKS = YES;
				GCC_WARN_64_TO_32_BIT_CONVERSION = YES;
				GCC_WARN_ABOUT_RETURN_TYPE = YES_ERROR;
				GCC_WARN_UNDECLARED_SELECTOR = YES;
				GCC_WARN_UNINITIALIZED_AUTOS = YES_AGGRESSIVE;
				GCC_WARN_UNUSED_FUNCTION = YES;
				GCC_WARN_UNUSED_VARIABLE = YES;
				IPHONEOS_DEPLOYMENT_TARGET = 9.0;
				MTL_ENABLE_DEBUG_INFO = NO;
				SDKROOT = iphoneos;
				VALIDATE_PRODUCT = YES;
			};
			name = Release;
		};
/* End XCBuildConfiguration section */

/* Begin XCConfigurationList section */
		00E357021AD99517003FC87E /* Build configuration list for PBXNativeTarget "celsiusTests" */ = {
			isa = XCConfigurationList;
			buildConfigurations = (
				00E356F61AD99517003FC87E /* Debug */,
				00E356F71AD99517003FC87E /* Release */,
			);
			defaultConfigurationIsVisible = 0;
			defaultConfigurationName = Release;
		};
		13B07F931A680F5B00A75B9A /* Build configuration list for PBXNativeTarget "celsius" */ = {
			isa = XCConfigurationList;
			buildConfigurations = (
				13B07F941A680F5B00A75B9A /* Debug */,
				13B07F951A680F5B00A75B9A /* Release */,
			);
			defaultConfigurationIsVisible = 0;
			defaultConfigurationName = Release;
		};
		2D02E4BA1E0B4A5E006451C7 /* Build configuration list for PBXNativeTarget "celsius-tvOS" */ = {
			isa = XCConfigurationList;
			buildConfigurations = (
				2D02E4971E0B4A5E006451C7 /* Debug */,
				2D02E4981E0B4A5E006451C7 /* Release */,
			);
			defaultConfigurationIsVisible = 0;
			defaultConfigurationName = Release;
		};
		2D02E4BB1E0B4A5E006451C7 /* Build configuration list for PBXNativeTarget "celsius-tvOSTests" */ = {
			isa = XCConfigurationList;
			buildConfigurations = (
				2D02E4991E0B4A5E006451C7 /* Debug */,
				2D02E49A1E0B4A5E006451C7 /* Release */,
			);
			defaultConfigurationIsVisible = 0;
			defaultConfigurationName = Release;
		};
		83CBB9FA1A601CBA00E9B192 /* Build configuration list for PBXProject "celsius" */ = {
			isa = XCConfigurationList;
			buildConfigurations = (
				83CBBA201A601CBA00E9B192 /* Debug */,
				83CBBA211A601CBA00E9B192 /* Release */,
			);
			defaultConfigurationIsVisible = 0;
			defaultConfigurationName = Release;
		};
/* End XCConfigurationList section */
	};
	rootObject = 83CBB9F71A601CBA00E9B192 /* Project object */;
}
